// !$*UTF8*$!
{
	archiveVersion = 1;
	classes = {
	};
	objectVersion = 77;
	objects = {

/* Begin PBXBuildFile section */
		510819962EDEA8020000BE47 /* PillButton 2.swift in Sources */ = {isa = PBXBuildFile; fileRef = 510819952EDEA8020000BE47 /* PillButton 2.swift */; };
		5108199E2EDEAD2D0000BE47 /* StudentHeaderView 2.swift in Sources */ = {isa = PBXBuildFile; fileRef = 5108199D2EDEAD2D0000BE47 /* StudentHeaderView 2.swift */; };
		5165267F2EDFECD600BB0C76 /* REFACTORING_SUMMARY.md in Resources */ = {isa = PBXBuildFile; fileRef = 5165267E2EDFECD600BB0C76 /* REFACTORING_SUMMARY.md */; };
		5165268F2EDFF0F800BB0C76 /* REFACTORING_SUMMARY 2.md in Resources */ = {isa = PBXBuildFile; fileRef = 5165268E2EDFF0F800BB0C76 /* REFACTORING_SUMMARY 2.md */; };
		516526912EDFF12900BB0C76 /* ARCHITECTURE_DIAGRAM.md in Resources */ = {isa = PBXBuildFile; fileRef = 516526902EDFF12900BB0C76 /* ARCHITECTURE_DIAGRAM.md */; };
		516526932EDFF16C00BB0C76 /* DEVELOPER_GUIDE.md in Resources */ = {isa = PBXBuildFile; fileRef = 516526922EDFF16C00BB0C76 /* DEVELOPER_GUIDE.md */; };
		516526952EDFF19F00BB0C76 /* VERIFICATION_CHECKLIST.md in Resources */ = {isa = PBXBuildFile; fileRef = 516526942EDFF19F00BB0C76 /* VERIFICATION_CHECKLIST.md */; };
		516526972EDFF1D700BB0C76 /* README_REFACTORING.md in Resources */ = {isa = PBXBuildFile; fileRef = 516526962EDFF1D700BB0C76 /* README_REFACTORING.md */; };
		516526992EDFF62C00BB0C76 /* StudentLessonDetailViewModel.swift in Sources */ = {isa = PBXBuildFile; fileRef = 516526982EDFF62C00BB0C76 /* StudentLessonDetailViewModel.swift */; };
		5165269B2EDFF65000BB0C76 /* StudentLessonDetailComponents.swift in Sources */ = {isa = PBXBuildFile; fileRef = 5165269A2EDFF65000BB0C76 /* StudentLessonDetailComponents.swift */; };
		5165269D2EDFF67200BB0C76 /* StudentLessonDetailSections.swift in Sources */ = {isa = PBXBuildFile; fileRef = 5165269C2EDFF67200BB0C76 /* StudentLessonDetailSections.swift */; };
		5165269F2EDFF69300BB0C76 /* StudentLessonDetailViewRefactored.swift in Sources */ = {isa = PBXBuildFile; fileRef = 5165269E2EDFF69300BB0C76 /* StudentLessonDetailViewRefactored.swift */; };
		516526A12EDFF6B500BB0C76 /* REFACTORING_GUIDE.md in Resources */ = {isa = PBXBuildFile; fileRef = 516526A02EDFF6B500BB0C76 /* REFACTORING_GUIDE.md */; };
		516526A32EE08DF400BB0C76 /* ParsingOverlay.swift in Sources */ = {isa = PBXBuildFile; fileRef = 516526A22EE08DF400BB0C76 /* ParsingOverlay.swift */; };
		516526A52EE08E7500BB0C76 /* LessonsImportCoordinator.swift in Sources */ = {isa = PBXBuildFile; fileRef = 516526A42EE08E7500BB0C76 /* LessonsImportCoordinator.swift */; };
		516526A72EE08E7C00BB0C76 /* StudentsImportCoordinator.swift in Sources */ = {isa = PBXBuildFile; fileRef = 516526A62EE08E7C00BB0C76 /* StudentsImportCoordinator.swift */; };
		516526A92EE0976B00BB0C76 /* ImportCommitService.swift in Sources */ = {isa = PBXBuildFile; fileRef = 516526A82EE0976B00BB0C76 /* ImportCommitService.swift */; };
		516526AB2EE0981400BB0C76 /* LessonsFilterPersistence.swift in Sources */ = {isa = PBXBuildFile; fileRef = 516526AA2EE0981400BB0C76 /* LessonsFilterPersistence.swift */; };
		516526AD2EE0981800BB0C76 /* LessonsReorderService.swift in Sources */ = {isa = PBXBuildFile; fileRef = 516526AC2EE0981800BB0C76 /* LessonsReorderService.swift */; };
		516526AF2EE0987300BB0C76 /* LessonsFilterState.swift in Sources */ = {isa = PBXBuildFile; fileRef = 516526AE2EE0987300BB0C76 /* LessonsFilterState.swift */; };
		516526B12EE0A0D900BB0C76 /* LessonsDragDropDelegates.swift in Sources */ = {isa = PBXBuildFile; fileRef = 516526B02EE0A0D900BB0C76 /* LessonsDragDropDelegates.swift */; };
		516526B52EE0A8F700BB0C76 /* WorkDetailViewModel 2.swift in Sources */ = {isa = PBXBuildFile; fileRef = 516526B42EE0A8F700BB0C76 /* WorkDetailViewModel 2.swift */; };
		51A55E8B2EE246B900774D2E /* GiveLessonViewModel.swift in Sources */ = {isa = PBXBuildFile; fileRef = 51A55E8A2EE246B900774D2E /* GiveLessonViewModel.swift */; };
		51A55E8D2EE246E900774D2E /* GiveLessonComponents.swift in Sources */ = {isa = PBXBuildFile; fileRef = 51A55E8C2EE246E900774D2E /* GiveLessonComponents.swift */; };
		51A55E912EE2473100774D2E /* REFACTORING_SUMMARY 3.md in Resources */ = {isa = PBXBuildFile; fileRef = 51A55E902EE2473100774D2E /* REFACTORING_SUMMARY 3.md */; };
		51A55E952EE262C400774D2E /* PlanningAgendaView.swift in Sources */ = {isa = PBXBuildFile; fileRef = 51A55E942EE262C400774D2E /* PlanningAgendaView.swift */; };
		51A55E972EE26A8600774D2E /* PlanningDropUtils.swift in Sources */ = {isa = PBXBuildFile; fileRef = 51A55E962EE26A8600774D2E /* PlanningDropUtils.swift */; };
		51A55E992EE26A8900774D2E /* InboxOrderStore.swift in Sources */ = {isa = PBXBuildFile; fileRef = 51A55E982EE26A8900774D2E /* InboxOrderStore.swift */; };
		51A55E9B2EE26A9A00774D2E /* InboxSheetView.swift in Sources */ = {isa = PBXBuildFile; fileRef = 51A55E9A2EE26A9A00774D2E /* InboxSheetView.swift */; };
		51B8026E2EE118AB003A2EA3 /* AttendanceModels.swift in Sources */ = {isa = PBXBuildFile; fileRef = 51B8026D2EE118AB003A2EA3 /* AttendanceModels.swift */; };
		51B802702EE119DB003A2EA3 /* AttendanceViewModel.swift in Sources */ = {isa = PBXBuildFile; fileRef = 51B8026F2EE119DB003A2EA3 /* AttendanceViewModel.swift */; };
		51B802722EE119F7003A2EA3 /* AttendanceView.swift in Sources */ = {isa = PBXBuildFile; fileRef = 51B802712EE119F7003A2EA3 /* AttendanceView.swift */; };
		51B802742EE1230F003A2EA3 /* AttendanceLookup.swift in Sources */ = {isa = PBXBuildFile; fileRef = 51B802732EE1230F003A2EA3 /* AttendanceLookup.swift */; };
/* End PBXBuildFile section */

/* Begin PBXFileReference section */
		510819952EDEA8020000BE47 /* PillButton 2.swift */ = {isa = PBXFileReference; lastKnownFileType = sourcecode.swift; path = "PillButton 2.swift"; sourceTree = "<group>"; };
		5108199D2EDEAD2D0000BE47 /* StudentHeaderView 2.swift */ = {isa = PBXFileReference; lastKnownFileType = sourcecode.swift; path = "StudentHeaderView 2.swift"; sourceTree = "<group>"; };
		5141E7F52ED77B0F004F918F /* Maria's Tool Box.app */ = {isa = PBXFileReference; explicitFileType = wrapper.application; includeInIndex = 0; path = "Maria's Tool Box.app"; sourceTree = BUILT_PRODUCTS_DIR; };
		5165267E2EDFECD600BB0C76 /* REFACTORING_SUMMARY.md */ = {isa = PBXFileReference; lastKnownFileType = net.daringfireball.markdown; path = REFACTORING_SUMMARY.md; sourceTree = "<group>"; };
		5165268E2EDFF0F800BB0C76 /* REFACTORING_SUMMARY 2.md */ = {isa = PBXFileReference; lastKnownFileType = net.daringfireball.markdown; path = "REFACTORING_SUMMARY 2.md"; sourceTree = "<group>"; };
		516526902EDFF12900BB0C76 /* ARCHITECTURE_DIAGRAM.md */ = {isa = PBXFileReference; lastKnownFileType = net.daringfireball.markdown; path = ARCHITECTURE_DIAGRAM.md; sourceTree = "<group>"; };
		516526922EDFF16C00BB0C76 /* DEVELOPER_GUIDE.md */ = {isa = PBXFileReference; lastKnownFileType = net.daringfireball.markdown; path = DEVELOPER_GUIDE.md; sourceTree = "<group>"; };
		516526942EDFF19F00BB0C76 /* VERIFICATION_CHECKLIST.md */ = {isa = PBXFileReference; lastKnownFileType = net.daringfireball.markdown; path = VERIFICATION_CHECKLIST.md; sourceTree = "<group>"; };
		516526962EDFF1D700BB0C76 /* README_REFACTORING.md */ = {isa = PBXFileReference; lastKnownFileType = net.daringfireball.markdown; path = README_REFACTORING.md; sourceTree = "<group>"; };
		516526982EDFF62C00BB0C76 /* StudentLessonDetailViewModel.swift */ = {isa = PBXFileReference; lastKnownFileType = sourcecode.swift; path = StudentLessonDetailViewModel.swift; sourceTree = "<group>"; };
		5165269A2EDFF65000BB0C76 /* StudentLessonDetailComponents.swift */ = {isa = PBXFileReference; lastKnownFileType = sourcecode.swift; path = StudentLessonDetailComponents.swift; sourceTree = "<group>"; };
		5165269C2EDFF67200BB0C76 /* StudentLessonDetailSections.swift */ = {isa = PBXFileReference; lastKnownFileType = sourcecode.swift; path = StudentLessonDetailSections.swift; sourceTree = "<group>"; };
		5165269E2EDFF69300BB0C76 /* StudentLessonDetailViewRefactored.swift */ = {isa = PBXFileReference; lastKnownFileType = sourcecode.swift; path = StudentLessonDetailViewRefactored.swift; sourceTree = "<group>"; };
		516526A02EDFF6B500BB0C76 /* REFACTORING_GUIDE.md */ = {isa = PBXFileReference; lastKnownFileType = net.daringfireball.markdown; path = REFACTORING_GUIDE.md; sourceTree = "<group>"; };
		516526A22EE08DF400BB0C76 /* ParsingOverlay.swift */ = {isa = PBXFileReference; lastKnownFileType = sourcecode.swift; path = ParsingOverlay.swift; sourceTree = "<group>"; };
		516526A42EE08E7500BB0C76 /* LessonsImportCoordinator.swift */ = {isa = PBXFileReference; lastKnownFileType = sourcecode.swift; path = LessonsImportCoordinator.swift; sourceTree = "<group>"; };
		516526A62EE08E7C00BB0C76 /* StudentsImportCoordinator.swift */ = {isa = PBXFileReference; lastKnownFileType = sourcecode.swift; path = StudentsImportCoordinator.swift; sourceTree = "<group>"; };
		516526A82EE0976B00BB0C76 /* ImportCommitService.swift */ = {isa = PBXFileReference; lastKnownFileType = sourcecode.swift; path = ImportCommitService.swift; sourceTree = "<group>"; };
		516526AA2EE0981400BB0C76 /* LessonsFilterPersistence.swift */ = {isa = PBXFileReference; lastKnownFileType = sourcecode.swift; path = LessonsFilterPersistence.swift; sourceTree = "<group>"; };
		516526AC2EE0981800BB0C76 /* LessonsReorderService.swift */ = {isa = PBXFileReference; lastKnownFileType = sourcecode.swift; path = LessonsReorderService.swift; sourceTree = "<group>"; };
		516526AE2EE0987300BB0C76 /* LessonsFilterState.swift */ = {isa = PBXFileReference; lastKnownFileType = sourcecode.swift; path = LessonsFilterState.swift; sourceTree = "<group>"; };
		516526B02EE0A0D900BB0C76 /* LessonsDragDropDelegates.swift */ = {isa = PBXFileReference; lastKnownFileType = sourcecode.swift; path = LessonsDragDropDelegates.swift; sourceTree = "<group>"; };
		516526B42EE0A8F700BB0C76 /* WorkDetailViewModel 2.swift */ = {isa = PBXFileReference; lastKnownFileType = sourcecode.swift; path = "WorkDetailViewModel 2.swift"; sourceTree = "<group>"; };
		51A55E8A2EE246B900774D2E /* GiveLessonViewModel.swift */ = {isa = PBXFileReference; lastKnownFileType = sourcecode.swift; path = GiveLessonViewModel.swift; sourceTree = "<group>"; };
		51A55E8C2EE246E900774D2E /* GiveLessonComponents.swift */ = {isa = PBXFileReference; lastKnownFileType = sourcecode.swift; path = GiveLessonComponents.swift; sourceTree = "<group>"; };
		51A55E902EE2473100774D2E /* REFACTORING_SUMMARY 3.md */ = {isa = PBXFileReference; lastKnownFileType = net.daringfireball.markdown; path = "REFACTORING_SUMMARY 3.md"; sourceTree = "<group>"; };
		51A55E942EE262C400774D2E /* PlanningAgendaView.swift */ = {isa = PBXFileReference; lastKnownFileType = sourcecode.swift; path = PlanningAgendaView.swift; sourceTree = "<group>"; };
		51A55E962EE26A8600774D2E /* PlanningDropUtils.swift */ = {isa = PBXFileReference; lastKnownFileType = sourcecode.swift; path = PlanningDropUtils.swift; sourceTree = "<group>"; };
		51A55E982EE26A8900774D2E /* InboxOrderStore.swift */ = {isa = PBXFileReference; lastKnownFileType = sourcecode.swift; path = InboxOrderStore.swift; sourceTree = "<group>"; };
		51A55E9A2EE26A9A00774D2E /* InboxSheetView.swift */ = {isa = PBXFileReference; lastKnownFileType = sourcecode.swift; path = InboxSheetView.swift; sourceTree = "<group>"; };
		51B8026D2EE118AB003A2EA3 /* AttendanceModels.swift */ = {isa = PBXFileReference; lastKnownFileType = sourcecode.swift; path = AttendanceModels.swift; sourceTree = "<group>"; };
		51B8026F2EE119DB003A2EA3 /* AttendanceViewModel.swift */ = {isa = PBXFileReference; lastKnownFileType = sourcecode.swift; path = AttendanceViewModel.swift; sourceTree = "<group>"; };
		51B802712EE119F7003A2EA3 /* AttendanceView.swift */ = {isa = PBXFileReference; lastKnownFileType = sourcecode.swift; path = AttendanceView.swift; sourceTree = "<group>"; };
		51B802732EE1230F003A2EA3 /* AttendanceLookup.swift */ = {isa = PBXFileReference; lastKnownFileType = sourcecode.swift; path = AttendanceLookup.swift; sourceTree = "<group>"; };
/* End PBXFileReference section */

/* Begin PBXFileSystemSynchronizedBuildFileExceptionSet section */
		5141E8022ED77B10004F918F /* Exceptions for "Maria's Tool Box" folder in "Maria's Tool Box" target */ = {
			isa = PBXFileSystemSynchronizedBuildFileExceptionSet;
			membershipExceptions = (
				Info.plist,
			);
			target = 5141E7F42ED77B0F004F918F /* Maria's Tool Box */;
		};
/* End PBXFileSystemSynchronizedBuildFileExceptionSet section */

/* Begin PBXFileSystemSynchronizedRootGroup section */
		5141E7F72ED77B0F004F918F /* Maria's Tool Box */ = {
			isa = PBXFileSystemSynchronizedRootGroup;
			exceptions = (
				5141E8022ED77B10004F918F /* Exceptions for "Maria's Tool Box" folder in "Maria's Tool Box" target */,
			);
			path = "Maria's Tool Box";
			sourceTree = "<group>";
		};
/* End PBXFileSystemSynchronizedRootGroup section */

/* Begin PBXFrameworksBuildPhase section */
		5141E7F22ED77B0F004F918F /* Frameworks */ = {
			isa = PBXFrameworksBuildPhase;
			buildActionMask = 2147483647;
			files = (
			);
			runOnlyForDeploymentPostprocessing = 0;
		};
/* End PBXFrameworksBuildPhase section */

/* Begin PBXGroup section */
		5141E7EC2ED77B0F004F918F = {
			isa = PBXGroup;
			children = (
				5141E7F72ED77B0F004F918F /* Maria's Tool Box */,
				5141E7F62ED77B0F004F918F /* Products */,
				510819952EDEA8020000BE47 /* PillButton 2.swift */,
				5108199D2EDEAD2D0000BE47 /* StudentHeaderView 2.swift */,
				5165267E2EDFECD600BB0C76 /* REFACTORING_SUMMARY.md */,
				5165268E2EDFF0F800BB0C76 /* REFACTORING_SUMMARY 2.md */,
				516526902EDFF12900BB0C76 /* ARCHITECTURE_DIAGRAM.md */,
				516526922EDFF16C00BB0C76 /* DEVELOPER_GUIDE.md */,
				516526942EDFF19F00BB0C76 /* VERIFICATION_CHECKLIST.md */,
				516526962EDFF1D700BB0C76 /* README_REFACTORING.md */,
				516526982EDFF62C00BB0C76 /* StudentLessonDetailViewModel.swift */,
				5165269A2EDFF65000BB0C76 /* StudentLessonDetailComponents.swift */,
				5165269C2EDFF67200BB0C76 /* StudentLessonDetailSections.swift */,
				5165269E2EDFF69300BB0C76 /* StudentLessonDetailViewRefactored.swift */,
				516526A02EDFF6B500BB0C76 /* REFACTORING_GUIDE.md */,
				516526A22EE08DF400BB0C76 /* ParsingOverlay.swift */,
				516526A42EE08E7500BB0C76 /* LessonsImportCoordinator.swift */,
				516526A62EE08E7C00BB0C76 /* StudentsImportCoordinator.swift */,
				516526A82EE0976B00BB0C76 /* ImportCommitService.swift */,
				516526AA2EE0981400BB0C76 /* LessonsFilterPersistence.swift */,
				516526AC2EE0981800BB0C76 /* LessonsReorderService.swift */,
				516526AE2EE0987300BB0C76 /* LessonsFilterState.swift */,
				516526B02EE0A0D900BB0C76 /* LessonsDragDropDelegates.swift */,
				516526B42EE0A8F700BB0C76 /* WorkDetailViewModel 2.swift */,
				51B8026D2EE118AB003A2EA3 /* AttendanceModels.swift */,
				51B8026F2EE119DB003A2EA3 /* AttendanceViewModel.swift */,
				51B802712EE119F7003A2EA3 /* AttendanceView.swift */,
				51B802732EE1230F003A2EA3 /* AttendanceLookup.swift */,
				51A55E8A2EE246B900774D2E /* GiveLessonViewModel.swift */,
				51A55E8C2EE246E900774D2E /* GiveLessonComponents.swift */,
				51A55E902EE2473100774D2E /* REFACTORING_SUMMARY 3.md */,
				51A55E942EE262C400774D2E /* PlanningAgendaView.swift */,
				51A55E962EE26A8600774D2E /* PlanningDropUtils.swift */,
				51A55E982EE26A8900774D2E /* InboxOrderStore.swift */,
				51A55E9A2EE26A9A00774D2E /* InboxSheetView.swift */,
			);
			sourceTree = "<group>";
		};
		5141E7F62ED77B0F004F918F /* Products */ = {
			isa = PBXGroup;
			children = (
				5141E7F52ED77B0F004F918F /* Maria's Tool Box.app */,
			);
			name = Products;
			sourceTree = "<group>";
		};
/* End PBXGroup section */

/* Begin PBXNativeTarget section */
		5141E7F42ED77B0F004F918F /* Maria's Tool Box */ = {
			isa = PBXNativeTarget;
			buildConfigurationList = 5141E8032ED77B10004F918F /* Build configuration list for PBXNativeTarget "Maria's Tool Box" */;
			buildPhases = (
				5141E7F12ED77B0F004F918F /* Sources */,
				5141E7F22ED77B0F004F918F /* Frameworks */,
				5141E7F32ED77B0F004F918F /* Resources */,
			);
			buildRules = (
			);
			dependencies = (
			);
			fileSystemSynchronizedGroups = (
				5141E7F72ED77B0F004F918F /* Maria's Tool Box */,
			);
			name = "Maria's Tool Box";
			packageProductDependencies = (
			);
			productName = "Maria's Tool Box";
			productReference = 5141E7F52ED77B0F004F918F /* Maria's Tool Box.app */;
			productType = "com.apple.product-type.application";
		};
/* End PBXNativeTarget section */

/* Begin PBXProject section */
		5141E7ED2ED77B0F004F918F /* Project object */ = {
			isa = PBXProject;
			attributes = {
				BuildIndependentTargetsInParallel = 1;
				LastSwiftUpdateCheck = 2610;
				LastUpgradeCheck = 2620;
				TargetAttributes = {
					5141E7F42ED77B0F004F918F = {
						CreatedOnToolsVersion = 26.1.1;
					};
				};
			};
			buildConfigurationList = 5141E7F02ED77B0F004F918F /* Build configuration list for PBXProject "Maria's Toolbox" */;
			developmentRegion = en;
			hasScannedForEncodings = 0;
			knownRegions = (
				en,
				Base,
			);
			mainGroup = 5141E7EC2ED77B0F004F918F;
			minimizedProjectReferenceProxies = 1;
			preferredProjectObjectVersion = 77;
			productRefGroup = 5141E7F62ED77B0F004F918F /* Products */;
			projectDirPath = "";
			projectRoot = "";
			targets = (
				5141E7F42ED77B0F004F918F /* Maria's Tool Box */,
			);
		};
/* End PBXProject section */

/* Begin PBXResourcesBuildPhase section */
		5141E7F32ED77B0F004F918F /* Resources */ = {
			isa = PBXResourcesBuildPhase;
			buildActionMask = 2147483647;
			files = (
				516526972EDFF1D700BB0C76 /* README_REFACTORING.md in Resources */,
				516526932EDFF16C00BB0C76 /* DEVELOPER_GUIDE.md in Resources */,
				516526912EDFF12900BB0C76 /* ARCHITECTURE_DIAGRAM.md in Resources */,
				516526952EDFF19F00BB0C76 /* VERIFICATION_CHECKLIST.md in Resources */,
				516526A12EDFF6B500BB0C76 /* REFACTORING_GUIDE.md in Resources */,
				5165268F2EDFF0F800BB0C76 /* REFACTORING_SUMMARY 2.md in Resources */,
				5165267F2EDFECD600BB0C76 /* REFACTORING_SUMMARY.md in Resources */,
				51A55E912EE2473100774D2E /* REFACTORING_SUMMARY 3.md in Resources */,
			);
			runOnlyForDeploymentPostprocessing = 0;
		};
/* End PBXResourcesBuildPhase section */

/* Begin PBXSourcesBuildPhase section */
		5141E7F12ED77B0F004F918F /* Sources */ = {
			isa = PBXSourcesBuildPhase;
			buildActionMask = 2147483647;
			files = (
				51B802702EE119DB003A2EA3 /* AttendanceViewModel.swift in Sources */,
				51B8026E2EE118AB003A2EA3 /* AttendanceModels.swift in Sources */,
				51B802722EE119F7003A2EA3 /* AttendanceView.swift in Sources */,
				516526B52EE0A8F700BB0C76 /* WorkDetailViewModel 2.swift in Sources */,
				516526A92EE0976B00BB0C76 /* ImportCommitService.swift in Sources */,
				516526AB2EE0981400BB0C76 /* LessonsFilterPersistence.swift in Sources */,
				516526A72EE08E7C00BB0C76 /* StudentsImportCoordinator.swift in Sources */,
				516526AF2EE0987300BB0C76 /* LessonsFilterState.swift in Sources */,
				51A55E9B2EE26A9A00774D2E /* InboxSheetView.swift in Sources */,
				51A55E952EE262C400774D2E /* PlanningAgendaView.swift in Sources */,
				51A55E972EE26A8600774D2E /* PlanningDropUtils.swift in Sources */,
				51A55E8D2EE246E900774D2E /* GiveLessonComponents.swift in Sources */,
				51A55E992EE26A8900774D2E /* InboxOrderStore.swift in Sources */,
				516526B12EE0A0D900BB0C76 /* LessonsDragDropDelegates.swift in Sources */,
				5165269D2EDFF67200BB0C76 /* StudentLessonDetailSections.swift in Sources */,
				5165269B2EDFF65000BB0C76 /* StudentLessonDetailComponents.swift in Sources */,
				516526992EDFF62C00BB0C76 /* StudentLessonDetailViewModel.swift in Sources */,
				516526AD2EE0981800BB0C76 /* LessonsReorderService.swift in Sources */,
				51B802742EE1230F003A2EA3 /* AttendanceLookup.swift in Sources */,
				5165269F2EDFF69300BB0C76 /* StudentLessonDetailViewRefactored.swift in Sources */,
				51A55E8B2EE246B900774D2E /* GiveLessonViewModel.swift in Sources */,
				5108199E2EDEAD2D0000BE47 /* StudentHeaderView 2.swift in Sources */,
				516526A52EE08E7500BB0C76 /* LessonsImportCoordinator.swift in Sources */,
				516526A32EE08DF400BB0C76 /* ParsingOverlay.swift in Sources */,
				510819962EDEA8020000BE47 /* PillButton 2.swift in Sources */,
			);
			runOnlyForDeploymentPostprocessing = 0;
		};
/* End PBXSourcesBuildPhase section */

/* Begin XCBuildConfiguration section */
		5141E8042ED77B10004F918F /* Debug */ = {
			isa = XCBuildConfiguration;
			buildSettings = {
				ASSETCATALOG_COMPILER_APPICON_NAME = AppIcon;
				"ASSETCATALOG_COMPILER_APPICON_NAME[sdk=macosx*]" = AppIcon;
				ASSETCATALOG_COMPILER_GLOBAL_ACCENT_COLOR_NAME = AccentColor;
				ASSETCATALOG_COMPILER_INCLUDE_ALL_APPICON_ASSETS = YES;
				CODE_SIGN_STYLE = Automatic;
				CURRENT_PROJECT_VERSION = 1;
				DEAD_CODE_STRIPPING = YES;
				DEVELOPMENT_TEAM = ES2X5ZSG9W;
				ENABLE_APP_SANDBOX = YES;
				ENABLE_HARDENED_RUNTIME = YES;
				ENABLE_INCOMING_NETWORK_CONNECTIONS = NO;
				ENABLE_OUTGOING_NETWORK_CONNECTIONS = NO;
				ENABLE_PREVIEWS = YES;
				ENABLE_RESOURCE_ACCESS_AUDIO_INPUT = NO;
				ENABLE_RESOURCE_ACCESS_BLUETOOTH = NO;
				ENABLE_RESOURCE_ACCESS_CALENDARS = NO;
				ENABLE_RESOURCE_ACCESS_CAMERA = NO;
				ENABLE_RESOURCE_ACCESS_CONTACTS = NO;
				ENABLE_RESOURCE_ACCESS_LOCATION = NO;
				ENABLE_RESOURCE_ACCESS_PRINTING = NO;
				ENABLE_RESOURCE_ACCESS_USB = NO;
				ENABLE_USER_SELECTED_FILES = readwrite;
				GENERATE_INFOPLIST_FILE = YES;
				INFOPLIST_FILE = "Maria's Tool Box/Info.plist";
				"INFOPLIST_KEY_UIApplicationSceneManifest_Generation[sdk=iphoneos*]" = YES;
				"INFOPLIST_KEY_UIApplicationSceneManifest_Generation[sdk=iphonesimulator*]" = YES;
				"INFOPLIST_KEY_UIApplicationSupportsIndirectInputEvents[sdk=iphoneos*]" = YES;
				"INFOPLIST_KEY_UIApplicationSupportsIndirectInputEvents[sdk=iphonesimulator*]" = YES;
				"INFOPLIST_KEY_UILaunchScreen_Generation[sdk=iphoneos*]" = YES;
				"INFOPLIST_KEY_UILaunchScreen_Generation[sdk=iphonesimulator*]" = YES;
				"INFOPLIST_KEY_UIStatusBarStyle[sdk=iphoneos*]" = UIStatusBarStyleDefault;
				"INFOPLIST_KEY_UIStatusBarStyle[sdk=iphonesimulator*]" = UIStatusBarStyleDefault;
				INFOPLIST_KEY_UISupportedInterfaceOrientations_iPad = "UIInterfaceOrientationPortrait UIInterfaceOrientationPortraitUpsideDown UIInterfaceOrientationLandscapeLeft UIInterfaceOrientationLandscapeRight";
				INFOPLIST_KEY_UISupportedInterfaceOrientations_iPhone = "UIInterfaceOrientationPortrait UIInterfaceOrientationLandscapeLeft UIInterfaceOrientationLandscapeRight";
				IPHONEOS_DEPLOYMENT_TARGET = 26.1;
				LD_RUNPATH_SEARCH_PATHS = "@executable_path/Frameworks";
				"LD_RUNPATH_SEARCH_PATHS[sdk=macosx*]" = "@executable_path/../Frameworks";
				MACOSX_DEPLOYMENT_TARGET = 26.1;
				MARKETING_VERSION = 1.0;
				PRODUCT_BUNDLE_IDENTIFIER = "Danny-De-Berry.Maria-s-Tool-Box";
				PRODUCT_NAME = "$(TARGET_NAME)";
				REGISTER_APP_GROUPS = YES;
				SDKROOT = auto;
				STRING_CATALOG_GENERATE_SYMBOLS = YES;
				SUPPORTED_PLATFORMS = "iphoneos iphonesimulator macosx xros xrsimulator";
				SWIFT_APPROACHABLE_CONCURRENCY = YES;
				SWIFT_DEFAULT_ACTOR_ISOLATION = MainActor;
				SWIFT_EMIT_LOC_STRINGS = YES;
				SWIFT_UPCOMING_FEATURE_MEMBER_IMPORT_VISIBILITY = YES;
				SWIFT_VERSION = 5.0;
				TARGETED_DEVICE_FAMILY = "1,2,7";
				XROS_DEPLOYMENT_TARGET = 26.1;
			};
			name = Debug;
		};
		5141E8052ED77B10004F918F /* Release */ = {
			isa = XCBuildConfiguration;
			buildSettings = {
				ASSETCATALOG_COMPILER_APPICON_NAME = AppIcon;
				"ASSETCATALOG_COMPILER_APPICON_NAME[sdk=macosx*]" = AppIcon;
				ASSETCATALOG_COMPILER_GLOBAL_ACCENT_COLOR_NAME = AccentColor;
				ASSETCATALOG_COMPILER_INCLUDE_ALL_APPICON_ASSETS = YES;
				CODE_SIGN_STYLE = Automatic;
				CURRENT_PROJECT_VERSION = 1;
				DEAD_CODE_STRIPPING = YES;
				DEVELOPMENT_TEAM = ES2X5ZSG9W;
				ENABLE_APP_SANDBOX = YES;
				ENABLE_HARDENED_RUNTIME = YES;
				ENABLE_INCOMING_NETWORK_CONNECTIONS = NO;
				ENABLE_OUTGOING_NETWORK_CONNECTIONS = NO;
				ENABLE_PREVIEWS = YES;
				ENABLE_RESOURCE_ACCESS_AUDIO_INPUT = NO;
				ENABLE_RESOURCE_ACCESS_BLUETOOTH = NO;
				ENABLE_RESOURCE_ACCESS_CALENDARS = NO;
				ENABLE_RESOURCE_ACCESS_CAMERA = NO;
				ENABLE_RESOURCE_ACCESS_CONTACTS = NO;
				ENABLE_RESOURCE_ACCESS_LOCATION = NO;
				ENABLE_RESOURCE_ACCESS_PRINTING = NO;
				ENABLE_RESOURCE_ACCESS_USB = NO;
				ENABLE_USER_SELECTED_FILES = readwrite;
				GENERATE_INFOPLIST_FILE = YES;
				INFOPLIST_FILE = "Maria's Tool Box/Info.plist";
				"INFOPLIST_KEY_UIApplicationSceneManifest_Generation[sdk=iphoneos*]" = YES;
				"INFOPLIST_KEY_UIApplicationSceneManifest_Generation[sdk=iphonesimulator*]" = YES;
				"INFOPLIST_KEY_UIApplicationSupportsIndirectInputEvents[sdk=iphoneos*]" = YES;
				"INFOPLIST_KEY_UIApplicationSupportsIndirectInputEvents[sdk=iphonesimulator*]" = YES;
				"INFOPLIST_KEY_UILaunchScreen_Generation[sdk=iphoneos*]" = YES;
				"INFOPLIST_KEY_UILaunchScreen_Generation[sdk=iphonesimulator*]" = YES;
				"INFOPLIST_KEY_UIStatusBarStyle[sdk=iphoneos*]" = UIStatusBarStyleDefault;
				"INFOPLIST_KEY_UIStatusBarStyle[sdk=iphonesimulator*]" = UIStatusBarStyleDefault;
				INFOPLIST_KEY_UISupportedInterfaceOrientations_iPad = "UIInterfaceOrientationPortrait UIInterfaceOrientationPortraitUpsideDown UIInterfaceOrientationLandscapeLeft UIInterfaceOrientationLandscapeRight";
				INFOPLIST_KEY_UISupportedInterfaceOrientations_iPhone = "UIInterfaceOrientationPortrait UIInterfaceOrientationLandscapeLeft UIInterfaceOrientationLandscapeRight";
				IPHONEOS_DEPLOYMENT_TARGET = 26.1;
				LD_RUNPATH_SEARCH_PATHS = "@executable_path/Frameworks";
				"LD_RUNPATH_SEARCH_PATHS[sdk=macosx*]" = "@executable_path/../Frameworks";
				MACOSX_DEPLOYMENT_TARGET = 26.1;
				MARKETING_VERSION = 1.0;
				PRODUCT_BUNDLE_IDENTIFIER = "Danny-De-Berry.Maria-s-Tool-Box";
				PRODUCT_NAME = "$(TARGET_NAME)";
				REGISTER_APP_GROUPS = YES;
				SDKROOT = auto;
				STRING_CATALOG_GENERATE_SYMBOLS = YES;
				SUPPORTED_PLATFORMS = "iphoneos iphonesimulator macosx xros xrsimulator";
				SWIFT_APPROACHABLE_CONCURRENCY = YES;
				SWIFT_DEFAULT_ACTOR_ISOLATION = MainActor;
				SWIFT_EMIT_LOC_STRINGS = YES;
				SWIFT_UPCOMING_FEATURE_MEMBER_IMPORT_VISIBILITY = YES;
				SWIFT_VERSION = 5.0;
				TARGETED_DEVICE_FAMILY = "1,2,7";
				XROS_DEPLOYMENT_TARGET = 26.1;
			};
			name = Release;
		};
		5141E8062ED77B10004F918F /* Debug */ = {
			isa = XCBuildConfiguration;
			buildSettings = {
				ALWAYS_SEARCH_USER_PATHS = NO;
				ASSETCATALOG_COMPILER_GENERATE_SWIFT_ASSET_SYMBOL_EXTENSIONS = YES;
				CLANG_ANALYZER_NONNULL = YES;
				CLANG_ANALYZER_NUMBER_OBJECT_CONVERSION = YES_AGGRESSIVE;
				CLANG_CXX_LANGUAGE_STANDARD = "gnu++20";
				CLANG_ENABLE_MODULES = YES;
				CLANG_ENABLE_OBJC_ARC = YES;
				CLANG_ENABLE_OBJC_WEAK = YES;
				CLANG_WARN_BLOCK_CAPTURE_AUTORELEASING = YES;
				CLANG_WARN_BOOL_CONVERSION = YES;
				CLANG_WARN_COMMA = YES;
				CLANG_WARN_CONSTANT_CONVERSION = YES;
				CLANG_WARN_DEPRECATED_OBJC_IMPLEMENTATIONS = YES;
				CLANG_WARN_DIRECT_OBJC_ISA_USAGE = YES_ERROR;
				CLANG_WARN_DOCUMENTATION_COMMENTS = YES;
				CLANG_WARN_EMPTY_BODY = YES;
				CLANG_WARN_ENUM_CONVERSION = YES;
				CLANG_WARN_INFINITE_RECURSION = YES;
				CLANG_WARN_INT_CONVERSION = YES;
				CLANG_WARN_NON_LITERAL_NULL_CONVERSION = YES;
				CLANG_WARN_OBJC_IMPLICIT_RETAIN_SELF = YES;
				CLANG_WARN_OBJC_LITERAL_CONVERSION = YES;
				CLANG_WARN_OBJC_ROOT_CLASS = YES_ERROR;
				CLANG_WARN_QUOTED_INCLUDE_IN_FRAMEWORK_HEADER = YES;
				CLANG_WARN_RANGE_LOOP_ANALYSIS = YES;
				CLANG_WARN_STRICT_PROTOTYPES = YES;
				CLANG_WARN_SUSPICIOUS_MOVE = YES;
				CLANG_WARN_UNGUARDED_AVAILABILITY = YES_AGGRESSIVE;
				CLANG_WARN_UNREACHABLE_CODE = YES;
				CLANG_WARN__DUPLICATE_METHOD_MATCH = YES;
				COPY_PHASE_STRIP = NO;
				DEAD_CODE_STRIPPING = YES;
				DEBUG_INFORMATION_FORMAT = dwarf;
				DEVELOPMENT_TEAM = ES2X5ZSG9W;
				ENABLE_STRICT_OBJC_MSGSEND = YES;
				ENABLE_TESTABILITY = YES;
				ENABLE_USER_SCRIPT_SANDBOXING = YES;
				GCC_C_LANGUAGE_STANDARD = gnu17;
				GCC_DYNAMIC_NO_PIC = NO;
				GCC_NO_COMMON_BLOCKS = YES;
				GCC_OPTIMIZATION_LEVEL = 0;
				GCC_PREPROCESSOR_DEFINITIONS = (
					"DEBUG=1",
					"$(inherited)",
				);
				GCC_WARN_64_TO_32_BIT_CONVERSION = YES;
				GCC_WARN_ABOUT_RETURN_TYPE = YES_ERROR;
				GCC_WARN_UNDECLARED_SELECTOR = YES;
				GCC_WARN_UNINITIALIZED_AUTOS = YES_AGGRESSIVE;
				GCC_WARN_UNUSED_FUNCTION = YES;
				GCC_WARN_UNUSED_VARIABLE = YES;
				LOCALIZATION_PREFERS_STRING_CATALOGS = YES;
				MTL_ENABLE_DEBUG_INFO = INCLUDE_SOURCE;
				MTL_FAST_MATH = YES;
				ONLY_ACTIVE_ARCH = YES;
				STRING_CATALOG_GENERATE_SYMBOLS = YES;
				SWIFT_ACTIVE_COMPILATION_CONDITIONS = "DEBUG $(inherited)";
				SWIFT_OPTIMIZATION_LEVEL = "-Onone";
			};
			name = Debug;
		};
		5141E8072ED77B10004F918F /* Release */ = {
			isa = XCBuildConfiguration;
			buildSettings = {
				ALWAYS_SEARCH_USER_PATHS = NO;
				ASSETCATALOG_COMPILER_GENERATE_SWIFT_ASSET_SYMBOL_EXTENSIONS = YES;
				CLANG_ANALYZER_NONNULL = YES;
				CLANG_ANALYZER_NUMBER_OBJECT_CONVERSION = YES_AGGRESSIVE;
				CLANG_CXX_LANGUAGE_STANDARD = "gnu++20";
				CLANG_ENABLE_MODULES = YES;
				CLANG_ENABLE_OBJC_ARC = YES;
				CLANG_ENABLE_OBJC_WEAK = YES;
				CLANG_WARN_BLOCK_CAPTURE_AUTORELEASING = YES;
				CLANG_WARN_BOOL_CONVERSION = YES;
				CLANG_WARN_COMMA = YES;
				CLANG_WARN_CONSTANT_CONVERSION = YES;
				CLANG_WARN_DEPRECATED_OBJC_IMPLEMENTATIONS = YES;
				CLANG_WARN_DIRECT_OBJC_ISA_USAGE = YES_ERROR;
				CLANG_WARN_DOCUMENTATION_COMMENTS = YES;
				CLANG_WARN_EMPTY_BODY = YES;
				CLANG_WARN_ENUM_CONVERSION = YES;
				CLANG_WARN_INFINITE_RECURSION = YES;
				CLANG_WARN_INT_CONVERSION = YES;
				CLANG_WARN_NON_LITERAL_NULL_CONVERSION = YES;
				CLANG_WARN_OBJC_IMPLICIT_RETAIN_SELF = YES;
				CLANG_WARN_OBJC_LITERAL_CONVERSION = YES;
				CLANG_WARN_OBJC_ROOT_CLASS = YES_ERROR;
				CLANG_WARN_QUOTED_INCLUDE_IN_FRAMEWORK_HEADER = YES;
				CLANG_WARN_RANGE_LOOP_ANALYSIS = YES;
				CLANG_WARN_STRICT_PROTOTYPES = YES;
				CLANG_WARN_SUSPICIOUS_MOVE = YES;
				CLANG_WARN_UNGUARDED_AVAILABILITY = YES_AGGRESSIVE;
				CLANG_WARN_UNREACHABLE_CODE = YES;
				CLANG_WARN__DUPLICATE_METHOD_MATCH = YES;
				COPY_PHASE_STRIP = NO;
				DEAD_CODE_STRIPPING = YES;
				DEBUG_INFORMATION_FORMAT = "dwarf-with-dsym";
				DEVELOPMENT_TEAM = ES2X5ZSG9W;
				ENABLE_NS_ASSERTIONS = NO;
				ENABLE_STRICT_OBJC_MSGSEND = YES;
				ENABLE_USER_SCRIPT_SANDBOXING = YES;
				GCC_C_LANGUAGE_STANDARD = gnu17;
				GCC_NO_COMMON_BLOCKS = YES;
				GCC_WARN_64_TO_32_BIT_CONVERSION = YES;
				GCC_WARN_ABOUT_RETURN_TYPE = YES_ERROR;
				GCC_WARN_UNDECLARED_SELECTOR = YES;
				GCC_WARN_UNINITIALIZED_AUTOS = YES_AGGRESSIVE;
				GCC_WARN_UNUSED_FUNCTION = YES;
				GCC_WARN_UNUSED_VARIABLE = YES;
				LOCALIZATION_PREFERS_STRING_CATALOGS = YES;
				MTL_ENABLE_DEBUG_INFO = NO;
				MTL_FAST_MATH = YES;
				STRING_CATALOG_GENERATE_SYMBOLS = YES;
				SWIFT_COMPILATION_MODE = wholemodule;
			};
			name = Release;
		};
/* End XCBuildConfiguration section */

/* Begin XCConfigurationList section */
		5141E7F02ED77B0F004F918F /* Build configuration list for PBXProject "Maria's Toolbox" */ = {
			isa = XCConfigurationList;
			buildConfigurations = (
				5141E8062ED77B10004F918F /* Debug */,
				5141E8072ED77B10004F918F /* Release */,
			);
			defaultConfigurationIsVisible = 0;
			defaultConfigurationName = Release;
		};
		5141E8032ED77B10004F918F /* Build configuration list for PBXNativeTarget "Maria's Tool Box" */ = {
			isa = XCConfigurationList;
			buildConfigurations = (
				5141E8042ED77B10004F918F /* Debug */,
				5141E8052ED77B10004F918F /* Release */,
			);
			defaultConfigurationIsVisible = 0;
			defaultConfigurationName = Release;
		};
/* End XCConfigurationList section */
	};
	rootObject = 5141E7ED2ED77B0F004F918F /* Project object */;
}
