// !$*UTF8*$!
{
	archiveVersion = 1;
	classes = {
	};
	objectVersion = 77;
	objects = {

/* Begin PBXBuildFile section */
		510819962EDEA8020000BE47 /* PillButton 2.swift in Sources */ = {isa = PBXBuildFile; fileRef = 510819952EDEA8020000BE47 /* PillButton 2.swift */; };
		5108199E2EDEAD2D0000BE47 /* StudentHeaderView 2.swift in Sources */ = {isa = PBXBuildFile; fileRef = 5108199D2EDEAD2D0000BE47 /* StudentHeaderView 2.swift */; };
		516E82052EECD43B0038E160 /* AgendaComponents.swift in Sources */ = {isa = PBXBuildFile; fileRef = 516E82042EECD43B0038E160 /* AgendaComponents.swift */; };
		519159012EE676BC007D4AB1 /* TodayViewModel.swift in Sources */ = {isa = PBXBuildFile; fileRef = 519159002EE676BC007D4AB1 /* TodayViewModel.swift */; };
		519159032EE676DC007D4AB1 /* TodayView.swift in Sources */ = {isa = PBXBuildFile; fileRef = 519159022EE676DC007D4AB1 /* TodayView.swift */; };
		519159052EE77712007D4AB1 /* DaysSinceLastLessonView.swift in Sources */ = {isa = PBXBuildFile; fileRef = 519159042EE77712007D4AB1 /* DaysSinceLastLessonView.swift */; };
		519159072EE78CCD007D4AB1 /* PrintUtils.swift in Sources */ = {isa = PBXBuildFile; fileRef = 519159062EE78CCD007D4AB1 /* PrintUtils.swift */; };
		519159092EE7D8BD007D4AB1 /* QuickLookPreview.swift in Sources */ = {isa = PBXBuildFile; fileRef = 519159082EE7D8BD007D4AB1 /* QuickLookPreview.swift */; };
		5191590B2EE897A1007D4AB1 /* LessonFileStorage.swift in Sources */ = {isa = PBXBuildFile; fileRef = 5191590A2EE897A1007D4AB1 /* LessonFileStorage.swift */; };
		5191590D2EE897C1007D4AB1 /* LessonFileStorage 2.swift in Sources */ = {isa = PBXBuildFile; fileRef = 5191590C2EE897C1007D4AB1 /* LessonFileStorage 2.swift */; };
		5191590F2EE8BE2E007D4AB1 /* EnsureResizableWindow.swift in Sources */ = {isa = PBXBuildFile; fileRef = 5191590E2EE8BE2E007D4AB1 /* EnsureResizableWindow.swift */; };
		51C143582EE923DD00255AF0 /* AppCalendar.swift in Sources */ = {isa = PBXBuildFile; fileRef = 51C143572EE923DD00255AF0 /* AppCalendar.swift */; };
		51D4DE622EE9F0A8004F8A3B /* WorkCheckInDefaults.swift in Sources */ = {isa = PBXBuildFile; fileRef = 51D4DE612EE9F0A8004F8A3B /* WorkCheckInDefaults.swift */; };
		51D4DE642EE9F0B8004F8A3B /* WorksPlanningView.swift in Sources */ = {isa = PBXBuildFile; fileRef = 51D4DE632EE9F0B8004F8A3B /* WorksPlanningView.swift */; };
		51D4DE662EEA3D1E004F8A3B /* ScheduleCheckInSheet.swift in Sources */ = {isa = PBXBuildFile; fileRef = 51D4DE652EEA3D1E004F8A3B /* ScheduleCheckInSheet.swift */; };
		51D4DE6C2EEA3F0A004F8A3B /* PlanningEngine.swift in Sources */ = {isa = PBXBuildFile; fileRef = 51D4DE6B2EEA3F0A004F8A3B /* PlanningEngine.swift */; };
		51D4DE6E2EEA3F10004F8A3B /* WorksPlanningViewModel.swift in Sources */ = {isa = PBXBuildFile; fileRef = 51D4DE6D2EEA3F10004F8A3B /* WorksPlanningViewModel.swift */; };
		51D4DE702EEA3F1C004F8A3B /* AgendaScaffoldingViews.swift in Sources */ = {isa = PBXBuildFile; fileRef = 51D4DE6F2EEA3F1C004F8A3B /* AgendaScaffoldingViews.swift */; };
		51D4DE722EEA4048004F8A3B /* PlanningModels.swift in Sources */ = {isa = PBXBuildFile; fileRef = 51D4DE712EEA4048004F8A3B /* PlanningModels.swift */; };
		51D4DE742EEA406D004F8A3B /* PlanningDND.swift in Sources */ = {isa = PBXBuildFile; fileRef = 51D4DE732EEA406D004F8A3B /* PlanningDND.swift */; };
		51D4DE7C2EEA4C4F004F8A3B /* WorksInboxOrderStore.swift in Sources */ = {isa = PBXBuildFile; fileRef = 51D4DE7B2EEA4C4F004F8A3B /* WorksInboxOrderStore.swift */; };
		51F2B1D72EEBC86900B96584 /* CanonicalPillButton.swift in Sources */ = {isa = PBXBuildFile; fileRef = 51F2B1D62EEBC86900B96584 /* CanonicalPillButton.swift */; };
/* End PBXBuildFile section */

/* Begin PBXFileReference section */
		510819952EDEA8020000BE47 /* PillButton 2.swift */ = {isa = PBXFileReference; lastKnownFileType = sourcecode.swift; path = "PillButton 2.swift"; sourceTree = "<group>"; };
		5108199D2EDEAD2D0000BE47 /* StudentHeaderView 2.swift */ = {isa = PBXFileReference; lastKnownFileType = sourcecode.swift; path = "StudentHeaderView 2.swift"; sourceTree = "<group>"; };
		5141E7F52ED77B0F004F918F /* Maria's Tool Box.app */ = {isa = PBXFileReference; explicitFileType = wrapper.application; includeInIndex = 0; path = "Maria's Tool Box.app"; sourceTree = BUILT_PRODUCTS_DIR; };
		516E82042EECD43B0038E160 /* AgendaComponents.swift */ = {isa = PBXFileReference; lastKnownFileType = sourcecode.swift; path = AgendaComponents.swift; sourceTree = "<group>"; };
		519159002EE676BC007D4AB1 /* TodayViewModel.swift */ = {isa = PBXFileReference; lastKnownFileType = sourcecode.swift; path = TodayViewModel.swift; sourceTree = "<group>"; };
		519159022EE676DC007D4AB1 /* TodayView.swift */ = {isa = PBXFileReference; lastKnownFileType = sourcecode.swift; path = TodayView.swift; sourceTree = "<group>"; };
		519159042EE77712007D4AB1 /* DaysSinceLastLessonView.swift */ = {isa = PBXFileReference; lastKnownFileType = sourcecode.swift; path = DaysSinceLastLessonView.swift; sourceTree = "<group>"; };
		519159062EE78CCD007D4AB1 /* PrintUtils.swift */ = {isa = PBXFileReference; lastKnownFileType = sourcecode.swift; path = PrintUtils.swift; sourceTree = "<group>"; };
		519159082EE7D8BD007D4AB1 /* QuickLookPreview.swift */ = {isa = PBXFileReference; lastKnownFileType = sourcecode.swift; path = QuickLookPreview.swift; sourceTree = "<group>"; };
		5191590A2EE897A1007D4AB1 /* LessonFileStorage.swift */ = {isa = PBXFileReference; lastKnownFileType = sourcecode.swift; path = LessonFileStorage.swift; sourceTree = "<group>"; };
		5191590C2EE897C1007D4AB1 /* LessonFileStorage 2.swift */ = {isa = PBXFileReference; lastKnownFileType = sourcecode.swift; path = "LessonFileStorage 2.swift"; sourceTree = "<group>"; };
		5191590E2EE8BE2E007D4AB1 /* EnsureResizableWindow.swift */ = {isa = PBXFileReference; lastKnownFileType = sourcecode.swift; path = EnsureResizableWindow.swift; sourceTree = "<group>"; };
		51C143572EE923DD00255AF0 /* AppCalendar.swift */ = {isa = PBXFileReference; lastKnownFileType = sourcecode.swift; path = AppCalendar.swift; sourceTree = "<group>"; };
		51D4DE612EE9F0A8004F8A3B /* WorkCheckInDefaults.swift */ = {isa = PBXFileReference; lastKnownFileType = sourcecode.swift; path = WorkCheckInDefaults.swift; sourceTree = "<group>"; };
		51D4DE632EE9F0B8004F8A3B /* WorksPlanningView.swift */ = {isa = PBXFileReference; lastKnownFileType = sourcecode.swift; path = WorksPlanningView.swift; sourceTree = "<group>"; };
		51D4DE652EEA3D1E004F8A3B /* ScheduleCheckInSheet.swift */ = {isa = PBXFileReference; lastKnownFileType = sourcecode.swift; path = ScheduleCheckInSheet.swift; sourceTree = "<group>"; };
		51D4DE6B2EEA3F0A004F8A3B /* PlanningEngine.swift */ = {isa = PBXFileReference; lastKnownFileType = sourcecode.swift; path = PlanningEngine.swift; sourceTree = "<group>"; };
		51D4DE6D2EEA3F10004F8A3B /* WorksPlanningViewModel.swift */ = {isa = PBXFileReference; lastKnownFileType = sourcecode.swift; path = WorksPlanningViewModel.swift; sourceTree = "<group>"; };
		51D4DE6F2EEA3F1C004F8A3B /* AgendaScaffoldingViews.swift */ = {isa = PBXFileReference; lastKnownFileType = sourcecode.swift; path = AgendaScaffoldingViews.swift; sourceTree = "<group>"; };
		51D4DE712EEA4048004F8A3B /* PlanningModels.swift */ = {isa = PBXFileReference; lastKnownFileType = sourcecode.swift; path = PlanningModels.swift; sourceTree = "<group>"; };
		51D4DE732EEA406D004F8A3B /* PlanningDND.swift */ = {isa = PBXFileReference; lastKnownFileType = sourcecode.swift; path = PlanningDND.swift; sourceTree = "<group>"; };
		51D4DE7B2EEA4C4F004F8A3B /* WorksInboxOrderStore.swift */ = {isa = PBXFileReference; lastKnownFileType = sourcecode.swift; path = WorksInboxOrderStore.swift; sourceTree = "<group>"; };
		51F2B1D62EEBC86900B96584 /* CanonicalPillButton.swift */ = {isa = PBXFileReference; lastKnownFileType = sourcecode.swift; path = CanonicalPillButton.swift; sourceTree = "<group>"; };
/* End PBXFileReference section */

/* Begin PBXFileSystemSynchronizedBuildFileExceptionSet section */
		5141E8022ED77B10004F918F /* Exceptions for "Maria's Tool Box" folder in "Maria's Tool Box" target */ = {
			isa = PBXFileSystemSynchronizedBuildFileExceptionSet;
			membershipExceptions = (
				Info.plist,
			);
			target = 5141E7F42ED77B0F004F918F /* Maria's Tool Box */;
		};
/* End PBXFileSystemSynchronizedBuildFileExceptionSet section */

/* Begin PBXFileSystemSynchronizedRootGroup section */
		5141E7F72ED77B0F004F918F /* Maria's Tool Box */ = {
			isa = PBXFileSystemSynchronizedRootGroup;
			exceptions = (
				5141E8022ED77B10004F918F /* Exceptions for "Maria's Tool Box" folder in "Maria's Tool Box" target */,
			);
			path = "Maria's Tool Box";
			sourceTree = "<group>";
		};
/* End PBXFileSystemSynchronizedRootGroup section */

/* Begin PBXFrameworksBuildPhase section */
		5141E7F22ED77B0F004F918F /* Frameworks */ = {
			isa = PBXFrameworksBuildPhase;
			buildActionMask = 2147483647;
			files = (
			);
			runOnlyForDeploymentPostprocessing = 0;
		};
/* End PBXFrameworksBuildPhase section */

/* Begin PBXGroup section */
		5141E7EC2ED77B0F004F918F = {
			isa = PBXGroup;
			children = (
				5141E7F72ED77B0F004F918F /* Maria's Tool Box */,
				5141E7F62ED77B0F004F918F /* Products */,
				510819952EDEA8020000BE47 /* PillButton 2.swift */,
				5108199D2EDEAD2D0000BE47 /* StudentHeaderView 2.swift */,
				519159002EE676BC007D4AB1 /* TodayViewModel.swift */,
				519159022EE676DC007D4AB1 /* TodayView.swift */,
				519159042EE77712007D4AB1 /* DaysSinceLastLessonView.swift */,
				519159062EE78CCD007D4AB1 /* PrintUtils.swift */,
				519159082EE7D8BD007D4AB1 /* QuickLookPreview.swift */,
				5191590A2EE897A1007D4AB1 /* LessonFileStorage.swift */,
				5191590C2EE897C1007D4AB1 /* LessonFileStorage 2.swift */,
				5191590E2EE8BE2E007D4AB1 /* EnsureResizableWindow.swift */,
				51C143572EE923DD00255AF0 /* AppCalendar.swift */,
				51D4DE612EE9F0A8004F8A3B /* WorkCheckInDefaults.swift */,
				51D4DE632EE9F0B8004F8A3B /* WorksPlanningView.swift */,
				51D4DE652EEA3D1E004F8A3B /* ScheduleCheckInSheet.swift */,
				51D4DE6B2EEA3F0A004F8A3B /* PlanningEngine.swift */,
				51D4DE6D2EEA3F10004F8A3B /* WorksPlanningViewModel.swift */,
				51D4DE6F2EEA3F1C004F8A3B /* AgendaScaffoldingViews.swift */,
				51D4DE712EEA4048004F8A3B /* PlanningModels.swift */,
				51D4DE732EEA406D004F8A3B /* PlanningDND.swift */,
				51D4DE7B2EEA4C4F004F8A3B /* WorksInboxOrderStore.swift */,
				51F2B1D62EEBC86900B96584 /* CanonicalPillButton.swift */,
				516E82042EECD43B0038E160 /* AgendaComponents.swift */,
			);
			sourceTree = "<group>";
		};
		5141E7F62ED77B0F004F918F /* Products */ = {
			isa = PBXGroup;
			children = (
				5141E7F52ED77B0F004F918F /* Maria's Tool Box.app */,
			);
			name = Products;
			sourceTree = "<group>";
		};
/* End PBXGroup section */

/* Begin PBXNativeTarget section */
		5141E7F42ED77B0F004F918F /* Maria's Tool Box */ = {
			isa = PBXNativeTarget;
			buildConfigurationList = 5141E8032ED77B10004F918F /* Build configuration list for PBXNativeTarget "Maria's Tool Box" */;
			buildPhases = (
				5141E7F12ED77B0F004F918F /* Sources */,
				5141E7F22ED77B0F004F918F /* Frameworks */,
				5141E7F32ED77B0F004F918F /* Resources */,
			);
			buildRules = (
			);
			dependencies = (
			);
			fileSystemSynchronizedGroups = (
				5141E7F72ED77B0F004F918F /* Maria's Tool Box */,
			);
			name = "Maria's Tool Box";
			packageProductDependencies = (
			);
			productName = "Maria's Tool Box";
			productReference = 5141E7F52ED77B0F004F918F /* Maria's Tool Box.app */;
			productType = "com.apple.product-type.application";
		};
/* End PBXNativeTarget section */

/* Begin PBXProject section */
		5141E7ED2ED77B0F004F918F /* Project object */ = {
			isa = PBXProject;
			attributes = {
				BuildIndependentTargetsInParallel = 1;
				LastSwiftUpdateCheck = 2610;
				LastUpgradeCheck = 2620;
				TargetAttributes = {
					5141E7F42ED77B0F004F918F = {
						CreatedOnToolsVersion = 26.1.1;
					};
				};
			};
			buildConfigurationList = 5141E7F02ED77B0F004F918F /* Build configuration list for PBXProject "Maria's Toolbox" */;
			developmentRegion = en;
			hasScannedForEncodings = 0;
			knownRegions = (
				en,
				Base,
			);
			mainGroup = 5141E7EC2ED77B0F004F918F;
			minimizedProjectReferenceProxies = 1;
			preferredProjectObjectVersion = 77;
			productRefGroup = 5141E7F62ED77B0F004F918F /* Products */;
			projectDirPath = "";
			projectRoot = "";
			targets = (
				5141E7F42ED77B0F004F918F /* Maria's Tool Box */,
			);
		};
/* End PBXProject section */

/* Begin PBXResourcesBuildPhase section */
		5141E7F32ED77B0F004F918F /* Resources */ = {
			isa = PBXResourcesBuildPhase;
			buildActionMask = 2147483647;
			files = (
			);
			runOnlyForDeploymentPostprocessing = 0;
		};
/* End PBXResourcesBuildPhase section */

/* Begin PBXSourcesBuildPhase section */
		5141E7F12ED77B0F004F918F /* Sources */ = {
			isa = PBXSourcesBuildPhase;
			buildActionMask = 2147483647;
			files = (
				5191590B2EE897A1007D4AB1 /* LessonFileStorage.swift in Sources */,
				519159012EE676BC007D4AB1 /* TodayViewModel.swift in Sources */,
				519159092EE7D8BD007D4AB1 /* QuickLookPreview.swift in Sources */,
				5191590D2EE897C1007D4AB1 /* LessonFileStorage 2.swift in Sources */,
				519159032EE676DC007D4AB1 /* TodayView.swift in Sources */,
				519159052EE77712007D4AB1 /* DaysSinceLastLessonView.swift in Sources */,
				519159072EE78CCD007D4AB1 /* PrintUtils.swift in Sources */,
				5191590F2EE8BE2E007D4AB1 /* EnsureResizableWindow.swift in Sources */,
				5108199E2EDEAD2D0000BE47 /* StudentHeaderView 2.swift in Sources */,
				51D4DE662EEA3D1E004F8A3B /* ScheduleCheckInSheet.swift in Sources */,
				51D4DE622EE9F0A8004F8A3B /* WorkCheckInDefaults.swift in Sources */,
				51D4DE702EEA3F1C004F8A3B /* AgendaScaffoldingViews.swift in Sources */,
				51D4DE6E2EEA3F10004F8A3B /* WorksPlanningViewModel.swift in Sources */,
				51D4DE6C2EEA3F0A004F8A3B /* PlanningEngine.swift in Sources */,
				51D4DE7C2EEA4C4F004F8A3B /* WorksInboxOrderStore.swift in Sources */,
				51D4DE722EEA4048004F8A3B /* PlanningModels.swift in Sources */,
				51F2B1D72EEBC86900B96584 /* CanonicalPillButton.swift in Sources */,
				516E82052EECD43B0038E160 /* AgendaComponents.swift in Sources */,
				51D4DE642EE9F0B8004F8A3B /* WorksPlanningView.swift in Sources */,
				51D4DE742EEA406D004F8A3B /* PlanningDND.swift in Sources */,
				51C143582EE923DD00255AF0 /* AppCalendar.swift in Sources */,
				510819962EDEA8020000BE47 /* PillButton 2.swift in Sources */,
			);
			runOnlyForDeploymentPostprocessing = 0;
		};
/* End PBXSourcesBuildPhase section */

/* Begin XCBuildConfiguration section */
		5141E8042ED77B10004F918F /* Debug */ = {
			isa = XCBuildConfiguration;
			buildSettings = {
				ASSETCATALOG_COMPILER_APPICON_NAME = AppIcon;
				"ASSETCATALOG_COMPILER_APPICON_NAME[sdk=macosx*]" = AppIcon;
				ASSETCATALOG_COMPILER_GLOBAL_ACCENT_COLOR_NAME = AccentColor;
				ASSETCATALOG_COMPILER_INCLUDE_ALL_APPICON_ASSETS = YES;
				CODE_SIGN_STYLE = Automatic;
				CURRENT_PROJECT_VERSION = 1;
				DEAD_CODE_STRIPPING = YES;
				DEVELOPMENT_TEAM = ES2X5ZSG9W;
				ENABLE_APP_SANDBOX = YES;
				ENABLE_HARDENED_RUNTIME = YES;
				ENABLE_INCOMING_NETWORK_CONNECTIONS = NO;
				ENABLE_OUTGOING_NETWORK_CONNECTIONS = NO;
				ENABLE_PREVIEWS = YES;
				ENABLE_RESOURCE_ACCESS_AUDIO_INPUT = NO;
				ENABLE_RESOURCE_ACCESS_BLUETOOTH = NO;
				ENABLE_RESOURCE_ACCESS_CALENDARS = NO;
				ENABLE_RESOURCE_ACCESS_CAMERA = NO;
				ENABLE_RESOURCE_ACCESS_CONTACTS = NO;
				ENABLE_RESOURCE_ACCESS_LOCATION = NO;
				ENABLE_RESOURCE_ACCESS_PRINTING = YES;
				ENABLE_RESOURCE_ACCESS_USB = NO;
				ENABLE_USER_SELECTED_FILES = readwrite;
				GENERATE_INFOPLIST_FILE = YES;
				INFOPLIST_FILE = "Maria's Tool Box/Info.plist";
				"INFOPLIST_KEY_UIApplicationSceneManifest_Generation[sdk=iphoneos*]" = YES;
				"INFOPLIST_KEY_UIApplicationSceneManifest_Generation[sdk=iphonesimulator*]" = YES;
				"INFOPLIST_KEY_UIApplicationSupportsIndirectInputEvents[sdk=iphoneos*]" = YES;
				"INFOPLIST_KEY_UIApplicationSupportsIndirectInputEvents[sdk=iphonesimulator*]" = YES;
				"INFOPLIST_KEY_UILaunchScreen_Generation[sdk=iphoneos*]" = YES;
				"INFOPLIST_KEY_UILaunchScreen_Generation[sdk=iphonesimulator*]" = YES;
				"INFOPLIST_KEY_UIStatusBarStyle[sdk=iphoneos*]" = UIStatusBarStyleDefault;
				"INFOPLIST_KEY_UIStatusBarStyle[sdk=iphonesimulator*]" = UIStatusBarStyleDefault;
				INFOPLIST_KEY_UISupportedInterfaceOrientations_iPad = "UIInterfaceOrientationPortrait UIInterfaceOrientationPortraitUpsideDown UIInterfaceOrientationLandscapeLeft UIInterfaceOrientationLandscapeRight";
				INFOPLIST_KEY_UISupportedInterfaceOrientations_iPhone = "UIInterfaceOrientationPortrait UIInterfaceOrientationLandscapeLeft UIInterfaceOrientationLandscapeRight";
				IPHONEOS_DEPLOYMENT_TARGET = 26.1;
				LD_RUNPATH_SEARCH_PATHS = "@executable_path/Frameworks";
				"LD_RUNPATH_SEARCH_PATHS[sdk=macosx*]" = "@executable_path/../Frameworks";
				MACOSX_DEPLOYMENT_TARGET = 26.1;
				MARKETING_VERSION = 1.0;
				PRODUCT_BUNDLE_IDENTIFIER = "Danny-De-Berry.Maria-s-Tool-Box";
				PRODUCT_NAME = "$(TARGET_NAME)";
				REGISTER_APP_GROUPS = YES;
				SDKROOT = auto;
				STRING_CATALOG_GENERATE_SYMBOLS = YES;
				SUPPORTED_PLATFORMS = "iphoneos iphonesimulator macosx xros xrsimulator";
				SWIFT_APPROACHABLE_CONCURRENCY = YES;
				SWIFT_DEFAULT_ACTOR_ISOLATION = MainActor;
				SWIFT_EMIT_LOC_STRINGS = YES;
				SWIFT_UPCOMING_FEATURE_MEMBER_IMPORT_VISIBILITY = YES;
				SWIFT_VERSION = 5.0;
				TARGETED_DEVICE_FAMILY = "1,2,7";
				XROS_DEPLOYMENT_TARGET = 26.1;
			};
			name = Debug;
		};
		5141E8052ED77B10004F918F /* Release */ = {
			isa = XCBuildConfiguration;
			buildSettings = {
				ASSETCATALOG_COMPILER_APPICON_NAME = AppIcon;
				"ASSETCATALOG_COMPILER_APPICON_NAME[sdk=macosx*]" = AppIcon;
				ASSETCATALOG_COMPILER_GLOBAL_ACCENT_COLOR_NAME = AccentColor;
				ASSETCATALOG_COMPILER_INCLUDE_ALL_APPICON_ASSETS = YES;
				CODE_SIGN_STYLE = Automatic;
				CURRENT_PROJECT_VERSION = 1;
				DEAD_CODE_STRIPPING = YES;
				DEVELOPMENT_TEAM = ES2X5ZSG9W;
				ENABLE_APP_SANDBOX = YES;
				ENABLE_HARDENED_RUNTIME = YES;
				ENABLE_INCOMING_NETWORK_CONNECTIONS = NO;
				ENABLE_OUTGOING_NETWORK_CONNECTIONS = NO;
				ENABLE_PREVIEWS = YES;
				ENABLE_RESOURCE_ACCESS_AUDIO_INPUT = NO;
				ENABLE_RESOURCE_ACCESS_BLUETOOTH = NO;
				ENABLE_RESOURCE_ACCESS_CALENDARS = NO;
				ENABLE_RESOURCE_ACCESS_CAMERA = NO;
				ENABLE_RESOURCE_ACCESS_CONTACTS = NO;
				ENABLE_RESOURCE_ACCESS_LOCATION = NO;
				ENABLE_RESOURCE_ACCESS_PRINTING = YES;
				ENABLE_RESOURCE_ACCESS_USB = NO;
				ENABLE_USER_SELECTED_FILES = readwrite;
				GENERATE_INFOPLIST_FILE = YES;
				INFOPLIST_FILE = "Maria's Tool Box/Info.plist";
				"INFOPLIST_KEY_UIApplicationSceneManifest_Generation[sdk=iphoneos*]" = YES;
				"INFOPLIST_KEY_UIApplicationSceneManifest_Generation[sdk=iphonesimulator*]" = YES;
				"INFOPLIST_KEY_UIApplicationSupportsIndirectInputEvents[sdk=iphoneos*]" = YES;
				"INFOPLIST_KEY_UIApplicationSupportsIndirectInputEvents[sdk=iphonesimulator*]" = YES;
				"INFOPLIST_KEY_UILaunchScreen_Generation[sdk=iphoneos*]" = YES;
				"INFOPLIST_KEY_UILaunchScreen_Generation[sdk=iphonesimulator*]" = YES;
				"INFOPLIST_KEY_UIStatusBarStyle[sdk=iphoneos*]" = UIStatusBarStyleDefault;
				"INFOPLIST_KEY_UIStatusBarStyle[sdk=iphonesimulator*]" = UIStatusBarStyleDefault;
				INFOPLIST_KEY_UISupportedInterfaceOrientations_iPad = "UIInterfaceOrientationPortrait UIInterfaceOrientationPortraitUpsideDown UIInterfaceOrientationLandscapeLeft UIInterfaceOrientationLandscapeRight";
				INFOPLIST_KEY_UISupportedInterfaceOrientations_iPhone = "UIInterfaceOrientationPortrait UIInterfaceOrientationLandscapeLeft UIInterfaceOrientationLandscapeRight";
				IPHONEOS_DEPLOYMENT_TARGET = 26.1;
				LD_RUNPATH_SEARCH_PATHS = "@executable_path/Frameworks";
				"LD_RUNPATH_SEARCH_PATHS[sdk=macosx*]" = "@executable_path/../Frameworks";
				MACOSX_DEPLOYMENT_TARGET = 26.1;
				MARKETING_VERSION = 1.0;
				PRODUCT_BUNDLE_IDENTIFIER = "Danny-De-Berry.Maria-s-Tool-Box";
				PRODUCT_NAME = "$(TARGET_NAME)";
				REGISTER_APP_GROUPS = YES;
				SDKROOT = auto;
				STRING_CATALOG_GENERATE_SYMBOLS = YES;
				SUPPORTED_PLATFORMS = "iphoneos iphonesimulator macosx xros xrsimulator";
				SWIFT_APPROACHABLE_CONCURRENCY = YES;
				SWIFT_DEFAULT_ACTOR_ISOLATION = MainActor;
				SWIFT_EMIT_LOC_STRINGS = YES;
				SWIFT_UPCOMING_FEATURE_MEMBER_IMPORT_VISIBILITY = YES;
				SWIFT_VERSION = 5.0;
				TARGETED_DEVICE_FAMILY = "1,2,7";
				XROS_DEPLOYMENT_TARGET = 26.1;
			};
			name = Release;
		};
		5141E8062ED77B10004F918F /* Debug */ = {
			isa = XCBuildConfiguration;
			buildSettings = {
				ALWAYS_SEARCH_USER_PATHS = NO;
				ASSETCATALOG_COMPILER_GENERATE_SWIFT_ASSET_SYMBOL_EXTENSIONS = YES;
				CLANG_ANALYZER_NONNULL = YES;
				CLANG_ANALYZER_NUMBER_OBJECT_CONVERSION = YES_AGGRESSIVE;
				CLANG_CXX_LANGUAGE_STANDARD = "gnu++20";
				CLANG_ENABLE_MODULES = YES;
				CLANG_ENABLE_OBJC_ARC = YES;
				CLANG_ENABLE_OBJC_WEAK = YES;
				CLANG_WARN_BLOCK_CAPTURE_AUTORELEASING = YES;
				CLANG_WARN_BOOL_CONVERSION = YES;
				CLANG_WARN_COMMA = YES;
				CLANG_WARN_CONSTANT_CONVERSION = YES;
				CLANG_WARN_DEPRECATED_OBJC_IMPLEMENTATIONS = YES;
				CLANG_WARN_DIRECT_OBJC_ISA_USAGE = YES_ERROR;
				CLANG_WARN_DOCUMENTATION_COMMENTS = YES;
				CLANG_WARN_EMPTY_BODY = YES;
				CLANG_WARN_ENUM_CONVERSION = YES;
				CLANG_WARN_INFINITE_RECURSION = YES;
				CLANG_WARN_INT_CONVERSION = YES;
				CLANG_WARN_NON_LITERAL_NULL_CONVERSION = YES;
				CLANG_WARN_OBJC_IMPLICIT_RETAIN_SELF = YES;
				CLANG_WARN_OBJC_LITERAL_CONVERSION = YES;
				CLANG_WARN_OBJC_ROOT_CLASS = YES_ERROR;
				CLANG_WARN_QUOTED_INCLUDE_IN_FRAMEWORK_HEADER = YES;
				CLANG_WARN_RANGE_LOOP_ANALYSIS = YES;
				CLANG_WARN_STRICT_PROTOTYPES = YES;
				CLANG_WARN_SUSPICIOUS_MOVE = YES;
				CLANG_WARN_UNGUARDED_AVAILABILITY = YES_AGGRESSIVE;
				CLANG_WARN_UNREACHABLE_CODE = YES;
				CLANG_WARN__DUPLICATE_METHOD_MATCH = YES;
				COPY_PHASE_STRIP = NO;
				DEAD_CODE_STRIPPING = YES;
				DEBUG_INFORMATION_FORMAT = dwarf;
				DEVELOPMENT_TEAM = ES2X5ZSG9W;
				ENABLE_STRICT_OBJC_MSGSEND = YES;
				ENABLE_TESTABILITY = YES;
				ENABLE_USER_SCRIPT_SANDBOXING = YES;
				GCC_C_LANGUAGE_STANDARD = gnu17;
				GCC_DYNAMIC_NO_PIC = NO;
				GCC_NO_COMMON_BLOCKS = YES;
				GCC_OPTIMIZATION_LEVEL = 0;
				GCC_PREPROCESSOR_DEFINITIONS = (
					"DEBUG=1",
					"$(inherited)",
				);
				GCC_WARN_64_TO_32_BIT_CONVERSION = YES;
				GCC_WARN_ABOUT_RETURN_TYPE = YES_ERROR;
				GCC_WARN_UNDECLARED_SELECTOR = YES;
				GCC_WARN_UNINITIALIZED_AUTOS = YES_AGGRESSIVE;
				GCC_WARN_UNUSED_FUNCTION = YES;
				GCC_WARN_UNUSED_VARIABLE = YES;
				LOCALIZATION_PREFERS_STRING_CATALOGS = YES;
				MTL_ENABLE_DEBUG_INFO = INCLUDE_SOURCE;
				MTL_FAST_MATH = YES;
				ONLY_ACTIVE_ARCH = YES;
				STRING_CATALOG_GENERATE_SYMBOLS = YES;
				SWIFT_ACTIVE_COMPILATION_CONDITIONS = "DEBUG $(inherited)";
				SWIFT_OPTIMIZATION_LEVEL = "-Onone";
			};
			name = Debug;
		};
		5141E8072ED77B10004F918F /* Release */ = {
			isa = XCBuildConfiguration;
			buildSettings = {
				ALWAYS_SEARCH_USER_PATHS = NO;
				ASSETCATALOG_COMPILER_GENERATE_SWIFT_ASSET_SYMBOL_EXTENSIONS = YES;
				CLANG_ANALYZER_NONNULL = YES;
				CLANG_ANALYZER_NUMBER_OBJECT_CONVERSION = YES_AGGRESSIVE;
				CLANG_CXX_LANGUAGE_STANDARD = "gnu++20";
				CLANG_ENABLE_MODULES = YES;
				CLANG_ENABLE_OBJC_ARC = YES;
				CLANG_ENABLE_OBJC_WEAK = YES;
				CLANG_WARN_BLOCK_CAPTURE_AUTORELEASING = YES;
				CLANG_WARN_BOOL_CONVERSION = YES;
				CLANG_WARN_COMMA = YES;
				CLANG_WARN_CONSTANT_CONVERSION = YES;
				CLANG_WARN_DEPRECATED_OBJC_IMPLEMENTATIONS = YES;
				CLANG_WARN_DIRECT_OBJC_ISA_USAGE = YES_ERROR;
				CLANG_WARN_DOCUMENTATION_COMMENTS = YES;
				CLANG_WARN_EMPTY_BODY = YES;
				CLANG_WARN_ENUM_CONVERSION = YES;
				CLANG_WARN_INFINITE_RECURSION = YES;
				CLANG_WARN_INT_CONVERSION = YES;
				CLANG_WARN_NON_LITERAL_NULL_CONVERSION = YES;
				CLANG_WARN_OBJC_IMPLICIT_RETAIN_SELF = YES;
				CLANG_WARN_OBJC_LITERAL_CONVERSION = YES;
				CLANG_WARN_OBJC_ROOT_CLASS = YES_ERROR;
				CLANG_WARN_QUOTED_INCLUDE_IN_FRAMEWORK_HEADER = YES;
				CLANG_WARN_RANGE_LOOP_ANALYSIS = YES;
				CLANG_WARN_STRICT_PROTOTYPES = YES;
				CLANG_WARN_SUSPICIOUS_MOVE = YES;
				CLANG_WARN_UNGUARDED_AVAILABILITY = YES_AGGRESSIVE;
				CLANG_WARN_UNREACHABLE_CODE = YES;
				CLANG_WARN__DUPLICATE_METHOD_MATCH = YES;
				COPY_PHASE_STRIP = NO;
				DEAD_CODE_STRIPPING = YES;
				DEBUG_INFORMATION_FORMAT = "dwarf-with-dsym";
				DEVELOPMENT_TEAM = ES2X5ZSG9W;
				ENABLE_NS_ASSERTIONS = NO;
				ENABLE_STRICT_OBJC_MSGSEND = YES;
				ENABLE_USER_SCRIPT_SANDBOXING = YES;
				GCC_C_LANGUAGE_STANDARD = gnu17;
				GCC_NO_COMMON_BLOCKS = YES;
				GCC_WARN_64_TO_32_BIT_CONVERSION = YES;
				GCC_WARN_ABOUT_RETURN_TYPE = YES_ERROR;
				GCC_WARN_UNDECLARED_SELECTOR = YES;
				GCC_WARN_UNINITIALIZED_AUTOS = YES_AGGRESSIVE;
				GCC_WARN_UNUSED_FUNCTION = YES;
				GCC_WARN_UNUSED_VARIABLE = YES;
				LOCALIZATION_PREFERS_STRING_CATALOGS = YES;
				MTL_ENABLE_DEBUG_INFO = NO;
				MTL_FAST_MATH = YES;
				STRING_CATALOG_GENERATE_SYMBOLS = YES;
				SWIFT_COMPILATION_MODE = wholemodule;
			};
			name = Release;
		};
/* End XCBuildConfiguration section */

/* Begin XCConfigurationList section */
		5141E7F02ED77B0F004F918F /* Build configuration list for PBXProject "Maria's Toolbox" */ = {
			isa = XCConfigurationList;
			buildConfigurations = (
				5141E8062ED77B10004F918F /* Debug */,
				5141E8072ED77B10004F918F /* Release */,
			);
			defaultConfigurationIsVisible = 0;
			defaultConfigurationName = Release;
		};
		5141E8032ED77B10004F918F /* Build configuration list for PBXNativeTarget "Maria's Tool Box" */ = {
			isa = XCConfigurationList;
			buildConfigurations = (
				5141E8042ED77B10004F918F /* Debug */,
				5141E8052ED77B10004F918F /* Release */,
			);
			defaultConfigurationIsVisible = 0;
			defaultConfigurationName = Release;
		};
/* End XCConfigurationList section */
	};
	rootObject = 5141E7ED2ED77B0F004F918F /* Project object */;
}
