// !$*UTF8*$!
{
	archiveVersion = 1;
	classes = {
	};
	objectVersion = 77;
	objects = {

/* Begin PBXBuildFile section */
		DA1C2BA2B4668F28BBD1641B /* StudentEntity.swift in Sources */ = {isa = PBXBuildFile; fileRef = DAB7D64AEAE7820AC7AC7D43 /* StudentEntity.swift */; };
		DA1CECBB03D8A407B1467D98 /* SharingPreferences.swift in Sources */ = {isa = PBXBuildFile; fileRef = DABF8694226D7807EB46BC77 /* SharingPreferences.swift */; };
		DA252003A84AA445F1A97E95 /* ClassroomRepository.swift in Sources */ = {isa = PBXBuildFile; fileRef = DAD984C48AB59380BA0782CA /* ClassroomRepository.swift */; };
		DA273C50CFBB1468B5E697F9 /* AttendanceDeduplication.swift in Sources */ = {isa = PBXBuildFile; fileRef = DAF89FDB07AADC17488E21D2 /* AttendanceDeduplication.swift */; };
		DA352C4EF69599B10DC1BCF8 /* UIConstants.swift in Sources */ = {isa = PBXBuildFile; fileRef = DA4C4B2353AC01D418062C7F /* UIConstants.swift */; };
		DA3CB4557D19474CF376B2CE /* AttendanceRecordEntity.swift in Sources */ = {isa = PBXBuildFile; fileRef = DABAF43790A11379CBD2A4CC /* AttendanceRecordEntity.swift */; };
		DA4C2D30AB518AA8019C93A7 /* PersistentHistoryProcessor.swift in Sources */ = {isa = PBXBuildFile; fileRef = DA450B3C5269250827AE0269 /* PersistentHistoryProcessor.swift */; };
		DA51602210037380301B0B85 /* AppErrorMessages.swift in Sources */ = {isa = PBXBuildFile; fileRef = DA9BCA099D416538E15471B5 /* AppErrorMessages.swift */; };
		DA58A879F09CBF23DFB1BB96 /* CoreDataStack.swift in Sources */ = {isa = PBXBuildFile; fileRef = DA7737014313A0622D0B7569 /* CoreDataStack.swift */; };
		DA601CA3998CD10B1685C417 /* AttendanceModels.swift in Sources */ = {isa = PBXBuildFile; fileRef = DA28F51BB683F0DDC5138A7E /* AttendanceModels.swift */; };
		DA77FCCADCA5FB5356650C93 /* ClassroomIdentity.swift in Sources */ = {isa = PBXBuildFile; fileRef = DAD7DACCCD304189540F19AF /* ClassroomIdentity.swift */; };
		DA7BAB76B78FE330CB3240BB /* ClassroomSharingService.swift in Sources */ = {isa = PBXBuildFile; fileRef = DA2E02B9BE132A52523B4794 /* ClassroomSharingService.swift */; };
		DA7D2FCC78D048AAA0D915E2 /* ClassroomPermissions.swift in Sources */ = {isa = PBXBuildFile; fileRef = DAC0BE10B161EC5086F86A98 /* ClassroomPermissions.swift */; };
		DA7F870A08077490BED3589E /* ClassroomMembershipEntity.swift in Sources */ = {isa = PBXBuildFile; fileRef = DAA256BA27C74AEF2E0888A8 /* ClassroomMembershipEntity.swift */; };
		DA85F54020C188A55AC2044D /* CDAttendanceStore.swift in Sources */ = {isa = PBXBuildFile; fileRef = DA20E7D5C359FCF5C7158BD8 /* CDAttendanceStore.swift */; };
		DA89C2C39C4BABC2B7921AE2 /* CoreDataStack+SchemaVersion.swift in Sources */ = {isa = PBXBuildFile; fileRef = DAA80B8AE6F5033A02C3BFB1 /* CoreDataStack+SchemaVersion.swift */; };
		DA8CB0588F0C63B3307597D3 /* UserDefaultsKeys.swift in Sources */ = {isa = PBXBuildFile; fileRef = DA934AAA7DFBEFE58E0E3A8F /* UserDefaultsKeys.swift */; };
		DA9C18F171ECE5CF4EAA8F71 /* AppLogging.swift in Sources */ = {isa = PBXBuildFile; fileRef = DA7D1211DB9154823C354663 /* AppLogging.swift */; };
		DAA55AECD10FDC0407F08505 /* CoreDataStack+OrphanCleanup.swift in Sources */ = {isa = PBXBuildFile; fileRef = DA4D54D6AD04715722787D25 /* CoreDataStack+OrphanCleanup.swift */; };
		DAAD99A3A03A6404005D4FA8 /* StudentModel.swift in Sources */ = {isa = PBXBuildFile; fileRef = DA3123BE8062390EA6E15E23 /* StudentModel.swift */; };
		DAB35AFA34D0F1C960DA212B /* NSManagedObjectContext+SafeFetch.swift in Sources */ = {isa = PBXBuildFile; fileRef = DA18960A04AB0CB34A2B3C3D /* NSManagedObjectContext+SafeFetch.swift */; };
		DAB9ECB34B43A8B9FF853A98 /* String+Extensions.swift in Sources */ = {isa = PBXBuildFile; fileRef = DAF840824AAC3D22283214A2 /* String+Extensions.swift */; };
		DAC35684943F20A84D48BF91 /* AppCalendar.swift in Sources */ = {isa = PBXBuildFile; fileRef = DA010CEBEF3C199A6C0EDD30 /* AppCalendar.swift */; };
		DAC4E37F5533862799AABE6C /* Logger+Extensions.swift in Sources */ = {isa = PBXBuildFile; fileRef = DA00DE26D80F5C93EDE8FD24 /* Logger+Extensions.swift */; };
		DAC74BFE466A3805601FD363 /* DocumentEntity.swift in Sources */ = {isa = PBXBuildFile; fileRef = DAF33D02953B353B5F308309 /* DocumentEntity.swift */; };
		DACBA8C62DE44A77DAB1FFAB /* SharingPermissionCategory.swift in Sources */ = {isa = PBXBuildFile; fileRef = DA69F3C2FED434EB4E6553C6 /* SharingPermissionCategory.swift */; };
		DACD857BDD87609889048B24 /* ShareAcceptanceAppDelegate.swift in Sources */ = {isa = PBXBuildFile; fileRef = DAA51475AF1912DCF6E6D515 /* ShareAcceptanceAppDelegate.swift */; };
		DAD27BA7186AA8858E25DD43 /* RepositoryProtocol.swift in Sources */ = {isa = PBXBuildFile; fileRef = DACEB0200E5193CBE69A8BF1 /* RepositoryProtocol.swift */; };
		DAE1A32F8081BE03784E8A02 /* CloudKitConfigurationService.swift in Sources */ = {isa = PBXBuildFile; fileRef = DA1A46BC25E7671E6710BDA4 /* CloudKitConfigurationService.swift */; };
		DAE6A1DD965DBE18B12197DB /* MariasNotebook.xcdatamodeld in Sources */ = {isa = PBXBuildFile; fileRef = DA50D6010603DBA9AFE62598 /* MariasNotebook.xcdatamodeld */; };
		DAFD1BD1FBEBC51F5948EA8A /* SaveCoordinator.swift in Sources */ = {isa = PBXBuildFile; fileRef = DA11A2430630D5E6426CD0F8 /* SaveCoordinator.swift */; };
/* End PBXBuildFile section */

/* Begin PBXContainerItemProxy section */
		51F924312F1C43F900E480A1 /* PBXContainerItemProxy */ = {
			isa = PBXContainerItemProxy;
			containerPortal = 5141E7ED2ED77B0F004F918F /* Project object */;
			proxyType = 1;
			remoteGlobalIDString = 5141E7F42ED77B0F004F918F;
			remoteInfo = "Maria's Notebook";
		};
/* End PBXContainerItemProxy section */

/* Begin PBXFileReference section */
		5141E7F52ED77B0F004F918F /* Montessori Daybook.app */ = {isa = PBXFileReference; explicitFileType = wrapper.application; includeInIndex = 0; path = "Montessori Daybook.app"; sourceTree = BUILT_PRODUCTS_DIR; };
		5193CB052F0B155C0017A069 /* FoundationModels.framework */ = {isa = PBXFileReference; lastKnownFileType = wrapper.framework; name = FoundationModels.framework; path = Platforms/iPhoneOS.platform/Developer/SDKs/iPhoneOS26.2.sdk/System/Library/Frameworks/FoundationModels.framework; sourceTree = DEVELOPER_DIR; };
		51F9242D2F1C43F900E480A1 /* Maria's Notebook Tests.xctest */ = {isa = PBXFileReference; explicitFileType = wrapper.cfbundle; includeInIndex = 0; path = "Maria's Notebook Tests.xctest"; sourceTree = BUILT_PRODUCTS_DIR; };
		DA00DE26D80F5C93EDE8FD24 /* Logger+Extensions.swift */ = {isa = PBXFileReference; lastKnownFileType = sourcecode.swift; name = "Logger+Extensions.swift"; path = "Maria's Notebook/Utils/Logger+Extensions.swift"; sourceTree = SOURCE_ROOT; };
		DA010CEBEF3C199A6C0EDD30 /* AppCalendar.swift */ = {isa = PBXFileReference; lastKnownFileType = sourcecode.swift; name = AppCalendar.swift; path = "Maria's Notebook/AppCore/AppCalendar.swift"; sourceTree = SOURCE_ROOT; };
		DA11A2430630D5E6426CD0F8 /* SaveCoordinator.swift */ = {isa = PBXFileReference; lastKnownFileType = sourcecode.swift; name = SaveCoordinator.swift; path = "Maria's Notebook/Backup/SaveCoordinator.swift"; sourceTree = SOURCE_ROOT; };
		DA18960A04AB0CB34A2B3C3D /* NSManagedObjectContext+SafeFetch.swift */ = {isa = PBXFileReference; lastKnownFileType = sourcecode.swift; name = "NSManagedObjectContext+SafeFetch.swift"; path = "Maria's Notebook/Utils/NSManagedObjectContext+SafeFetch.swift"; sourceTree = SOURCE_ROOT; };
		DA1A46BC25E7671E6710BDA4 /* CloudKitConfigurationService.swift */ = {isa = PBXFileReference; lastKnownFileType = sourcecode.swift; name = CloudKitConfigurationService.swift; path = "Maria's Notebook/AppCore/CloudKitConfigurationService.swift"; sourceTree = SOURCE_ROOT; };
		DA20E7D5C359FCF5C7158BD8 /* CDAttendanceStore.swift */ = {isa = PBXFileReference; lastKnownFileType = sourcecode.swift; name = CDAttendanceStore.swift; path = "Maria's Notebook/Attendance/CDAttendanceStore.swift"; sourceTree = SOURCE_ROOT; };
		DA28F51BB683F0DDC5138A7E /* AttendanceModels.swift */ = {isa = PBXFileReference; lastKnownFileType = sourcecode.swift; name = AttendanceModels.swift; path = "Maria's Notebook/Attendance/AttendanceModels.swift"; sourceTree = SOURCE_ROOT; };
		DA2E02B9BE132A52523B4794 /* ClassroomSharingService.swift */ = {isa = PBXFileReference; lastKnownFileType = sourcecode.swift; name = ClassroomSharingService.swift; path = "Maria's Notebook/Sharing/ClassroomSharingService.swift"; sourceTree = SOURCE_ROOT; };
		DA3123BE8062390EA6E15E23 /* StudentModel.swift */ = {isa = PBXFileReference; lastKnownFileType = sourcecode.swift; name = StudentModel.swift; path = "Maria's Notebook/Students/Models/StudentModel.swift"; sourceTree = SOURCE_ROOT; };
		DA38A007151ABE87CC01A5B6 /* Daybook Assistant.app */ = {isa = PBXFileReference; explicitFileType = wrapper.application; includeInIndex = 0; path = "Daybook Assistant.app"; sourceTree = BUILT_PRODUCTS_DIR; };
		DA450B3C5269250827AE0269 /* PersistentHistoryProcessor.swift */ = {isa = PBXFileReference; lastKnownFileType = sourcecode.swift; name = PersistentHistoryProcessor.swift; path = "Maria's Notebook/Services/PersistentHistoryProcessor.swift"; sourceTree = SOURCE_ROOT; };
		DA4C4B2353AC01D418062C7F /* UIConstants.swift */ = {isa = PBXFileReference; lastKnownFileType = sourcecode.swift; name = UIConstants.swift; path = "Maria's Notebook/AppCore/Constants/UIConstants.swift"; sourceTree = SOURCE_ROOT; };
		DA4D54D6AD04715722787D25 /* CoreDataStack+OrphanCleanup.swift */ = {isa = PBXFileReference; lastKnownFileType = sourcecode.swift; name = "CoreDataStack+OrphanCleanup.swift"; path = "Maria's Notebook/AppCore/CoreDataStack+OrphanCleanup.swift"; sourceTree = SOURCE_ROOT; };
		DA6503C3D85AC2C51E58119B /* MariasNotebook 2.xcdatamodel */ = {isa = PBXFileReference; lastKnownFileType = wrapper.xcdatamodel; path = "MariasNotebook 2.xcdatamodel"; sourceTree = "<group>"; };
		DA69F3C2FED434EB4E6553C6 /* SharingPermissionCategory.swift */ = {isa = PBXFileReference; lastKnownFileType = sourcecode.swift; name = SharingPermissionCategory.swift; path = "Maria's Notebook/Sharing/SharingPermissionCategory.swift"; sourceTree = SOURCE_ROOT; };
		DA7737014313A0622D0B7569 /* CoreDataStack.swift */ = {isa = PBXFileReference; lastKnownFileType = sourcecode.swift; name = CoreDataStack.swift; path = "Maria's Notebook/AppCore/CoreDataStack.swift"; sourceTree = SOURCE_ROOT; };
		DA7D1211DB9154823C354663 /* AppLogging.swift */ = {isa = PBXFileReference; lastKnownFileType = sourcecode.swift; name = AppLogging.swift; path = "Maria's Notebook/Utils/AppLogging.swift"; sourceTree = SOURCE_ROOT; };
		DA934AAA7DFBEFE58E0E3A8F /* UserDefaultsKeys.swift */ = {isa = PBXFileReference; lastKnownFileType = sourcecode.swift; name = UserDefaultsKeys.swift; path = "Maria's Notebook/AppCore/Constants/UserDefaultsKeys.swift"; sourceTree = SOURCE_ROOT; };
		DA9BCA099D416538E15471B5 /* AppErrorMessages.swift */ = {isa = PBXFileReference; lastKnownFileType = sourcecode.swift; name = AppErrorMessages.swift; path = "Maria's Notebook/Utils/AppErrorMessages.swift"; sourceTree = SOURCE_ROOT; };
		DAA256BA27C74AEF2E0888A8 /* ClassroomMembershipEntity.swift */ = {isa = PBXFileReference; lastKnownFileType = sourcecode.swift; name = ClassroomMembershipEntity.swift; path = "Maria's Notebook/Sharing/ClassroomMembershipEntity.swift"; sourceTree = SOURCE_ROOT; };
		DAA51475AF1912DCF6E6D515 /* ShareAcceptanceAppDelegate.swift */ = {isa = PBXFileReference; lastKnownFileType = sourcecode.swift; name = ShareAcceptanceAppDelegate.swift; path = "Maria's Notebook/AppCore/ShareAcceptanceAppDelegate.swift"; sourceTree = SOURCE_ROOT; };
		DAA80B8AE6F5033A02C3BFB1 /* CoreDataStack+SchemaVersion.swift */ = {isa = PBXFileReference; lastKnownFileType = sourcecode.swift; name = "CoreDataStack+SchemaVersion.swift"; path = "Maria's Notebook/AppCore/CoreDataStack+SchemaVersion.swift"; sourceTree = SOURCE_ROOT; };
		DAB7D64AEAE7820AC7AC7D43 /* StudentEntity.swift */ = {isa = PBXFileReference; lastKnownFileType = sourcecode.swift; name = StudentEntity.swift; path = "Maria's Notebook/Students/Models/StudentEntity.swift"; sourceTree = SOURCE_ROOT; };
		DABAF43790A11379CBD2A4CC /* AttendanceRecordEntity.swift */ = {isa = PBXFileReference; lastKnownFileType = sourcecode.swift; name = AttendanceRecordEntity.swift; path = "Maria's Notebook/Attendance/AttendanceRecordEntity.swift"; sourceTree = SOURCE_ROOT; };
		DABF8694226D7807EB46BC77 /* SharingPreferences.swift */ = {isa = PBXFileReference; lastKnownFileType = sourcecode.swift; name = SharingPreferences.swift; path = "Maria's Notebook/Sharing/SharingPreferences.swift"; sourceTree = SOURCE_ROOT; };
		DAC0BE10B161EC5086F86A98 /* ClassroomPermissions.swift */ = {isa = PBXFileReference; lastKnownFileType = sourcecode.swift; name = ClassroomPermissions.swift; path = "Maria's Notebook/Sharing/ClassroomPermissions.swift"; sourceTree = SOURCE_ROOT; };
		DACEB0200E5193CBE69A8BF1 /* RepositoryProtocol.swift */ = {isa = PBXFileReference; lastKnownFileType = sourcecode.swift; name = RepositoryProtocol.swift; path = "Maria's Notebook/Repositories/RepositoryProtocol.swift"; sourceTree = SOURCE_ROOT; };
		DAD7DACCCD304189540F19AF /* ClassroomIdentity.swift */ = {isa = PBXFileReference; lastKnownFileType = sourcecode.swift; name = ClassroomIdentity.swift; path = "Maria's Notebook/Sharing/ClassroomIdentity.swift"; sourceTree = SOURCE_ROOT; };
		DAD984C48AB59380BA0782CA /* ClassroomRepository.swift */ = {isa = PBXFileReference; lastKnownFileType = sourcecode.swift; name = ClassroomRepository.swift; path = "Maria's Notebook/Sharing/ClassroomRepository.swift"; sourceTree = SOURCE_ROOT; };
		DAF33D02953B353B5F308309 /* DocumentEntity.swift */ = {isa = PBXFileReference; lastKnownFileType = sourcecode.swift; name = DocumentEntity.swift; path = "Maria's Notebook/Models/DocumentEntity.swift"; sourceTree = SOURCE_ROOT; };
		DAF840824AAC3D22283214A2 /* String+Extensions.swift */ = {isa = PBXFileReference; lastKnownFileType = sourcecode.swift; name = "String+Extensions.swift"; path = "Maria's Notebook/Utils/String+Extensions.swift"; sourceTree = SOURCE_ROOT; };
		DAF89FDB07AADC17488E21D2 /* AttendanceDeduplication.swift */ = {isa = PBXFileReference; lastKnownFileType = sourcecode.swift; name = AttendanceDeduplication.swift; path = "Maria's Notebook/Attendance/AttendanceDeduplication.swift"; sourceTree = SOURCE_ROOT; };
/* End PBXFileReference section */

/* Begin PBXFileSystemSynchronizedBuildFileExceptionSet section */
		5141E8022ED77B10004F918F /* Exceptions for "Maria's Notebook" folder in "Maria's Notebook" target */ = {
			isa = PBXFileSystemSynchronizedBuildFileExceptionSet;
			membershipExceptions = (
				"Info-macOS.plist",
				Info.plist,
				README.md,
			);
			target = 5141E7F42ED77B0F004F918F /* Maria's Notebook */;
		};
		DA9B6BA96B2A002513B8FA5F /* Exceptions for "Daybook Assistant" folder in "Daybook Assistant" target */ = {
			isa = PBXFileSystemSynchronizedBuildFileExceptionSet;
			membershipExceptions = (
				Info.plist,
			);
			target = DA0E8A3AD980EC179856012B /* Daybook Assistant */;
		};
/* End PBXFileSystemSynchronizedBuildFileExceptionSet section */

/* Begin PBXFileSystemSynchronizedRootGroup section */
		5141E7F72ED77B0F004F918F /* Maria's Notebook */ = {
			isa = PBXFileSystemSynchronizedRootGroup;
			exceptions = (
				5141E8022ED77B10004F918F /* Exceptions for "Maria's Notebook" folder in "Maria's Notebook" target */,
			);
			path = "Maria's Notebook";
			sourceTree = "<group>";
		};
		51F924362F1C440000E480A1 /* Maria's Notebook Tests */ = {
			isa = PBXFileSystemSynchronizedRootGroup;
			path = "Maria's Notebook Tests";
			sourceTree = "<group>";
		};
		DA98962CA057DBE5A307FD94 /* Daybook Assistant */ = {
			isa = PBXFileSystemSynchronizedRootGroup;
			exceptions = (
				DA9B6BA96B2A002513B8FA5F /* Exceptions for "Daybook Assistant" folder in "Daybook Assistant" target */,
			);
			path = "Daybook Assistant";
			sourceTree = "<group>";
		};
/* End PBXFileSystemSynchronizedRootGroup section */

/* Begin PBXFrameworksBuildPhase section */
		5141E7F22ED77B0F004F918F /* Frameworks */ = {
			isa = PBXFrameworksBuildPhase;
			buildActionMask = 2147483647;
			files = (
			);
			runOnlyForDeploymentPostprocessing = 0;
		};
		51F9242A2F1C43F900E480A1 /* Frameworks */ = {
			isa = PBXFrameworksBuildPhase;
			buildActionMask = 2147483647;
			files = (
			);
			runOnlyForDeploymentPostprocessing = 0;
		};
		DA7561BFB015D8F536760CB6 /* Frameworks */ = {
			isa = PBXFrameworksBuildPhase;
			buildActionMask = 2147483647;
			files = (
			);
			runOnlyForDeploymentPostprocessing = 0;
		};
/* End PBXFrameworksBuildPhase section */

/* Begin PBXGroup section */
		5141E7EC2ED77B0F004F918F = {
			isa = PBXGroup;
			children = (
				5141E7F72ED77B0F004F918F /* Maria's Notebook */,
				51F924362F1C440000E480A1 /* Maria's Notebook Tests */,
				DA98962CA057DBE5A307FD94 /* Daybook Assistant */,
				DAA51B995684AEC2DD04AF00 /* Shared with Montessori Daybook */,
				5193CB042F0B155C0017A069 /* Frameworks */,
				5141E7F62ED77B0F004F918F /* Products */,
			);
			sourceTree = "<group>";
		};
		5141E7F62ED77B0F004F918F /* Products */ = {
			isa = PBXGroup;
			children = (
				5141E7F52ED77B0F004F918F /* Montessori Daybook.app */,
				51F9242D2F1C43F900E480A1 /* Maria's Notebook Tests.xctest */,
				DA38A007151ABE87CC01A5B6 /* Daybook Assistant.app */,
			);
			name = Products;
			sourceTree = "<group>";
		};
		5193CB042F0B155C0017A069 /* Frameworks */ = {
			isa = PBXGroup;
			children = (
				5193CB052F0B155C0017A069 /* FoundationModels.framework */,
			);
			name = Frameworks;
			sourceTree = "<group>";
		};
		DAA51B995684AEC2DD04AF00 /* Shared with Montessori Daybook */ = {
			isa = PBXGroup;
			children = (
				DA7737014313A0622D0B7569 /* CoreDataStack.swift */,
				DAA80B8AE6F5033A02C3BFB1 /* CoreDataStack+SchemaVersion.swift */,
				DA4D54D6AD04715722787D25 /* CoreDataStack+OrphanCleanup.swift */,
				DA1A46BC25E7671E6710BDA4 /* CloudKitConfigurationService.swift */,
				DAA51475AF1912DCF6E6D515 /* ShareAcceptanceAppDelegate.swift */,
				DA934AAA7DFBEFE58E0E3A8F /* UserDefaultsKeys.swift */,
				DA450B3C5269250827AE0269 /* PersistentHistoryProcessor.swift */,
				DA18960A04AB0CB34A2B3C3D /* NSManagedObjectContext+SafeFetch.swift */,
				DA7D1211DB9154823C354663 /* AppLogging.swift */,
				DA00DE26D80F5C93EDE8FD24 /* Logger+Extensions.swift */,
				DA28F51BB683F0DDC5138A7E /* AttendanceModels.swift */,
				DABAF43790A11379CBD2A4CC /* AttendanceRecordEntity.swift */,
				DAF89FDB07AADC17488E21D2 /* AttendanceDeduplication.swift */,
				DA20E7D5C359FCF5C7158BD8 /* CDAttendanceStore.swift */,
				DAB7D64AEAE7820AC7AC7D43 /* StudentEntity.swift */,
				DAA256BA27C74AEF2E0888A8 /* ClassroomMembershipEntity.swift */,
				DAD984C48AB59380BA0782CA /* ClassroomRepository.swift */,
				DA2E02B9BE132A52523B4794 /* ClassroomSharingService.swift */,
				DAC0BE10B161EC5086F86A98 /* ClassroomPermissions.swift */,
				DA69F3C2FED434EB4E6553C6 /* SharingPermissionCategory.swift */,
				DABF8694226D7807EB46BC77 /* SharingPreferences.swift */,
				DA010CEBEF3C199A6C0EDD30 /* AppCalendar.swift */,
				DACEB0200E5193CBE69A8BF1 /* RepositoryProtocol.swift */,
				DA11A2430630D5E6426CD0F8 /* SaveCoordinator.swift */,
				DAF840824AAC3D22283214A2 /* String+Extensions.swift */,
				DA4C4B2353AC01D418062C7F /* UIConstants.swift */,
				DA3123BE8062390EA6E15E23 /* StudentModel.swift */,
				DAF33D02953B353B5F308309 /* DocumentEntity.swift */,
				DA9BCA099D416538E15471B5 /* AppErrorMessages.swift */,
				DAD7DACCCD304189540F19AF /* ClassroomIdentity.swift */,
				DA50D6010603DBA9AFE62598 /* MariasNotebook.xcdatamodeld */,
			);
			name = "Shared with Montessori Daybook";
			sourceTree = "<group>";
		};
/* End PBXGroup section */

/* Begin PBXNativeTarget section */
		5141E7F42ED77B0F004F918F /* Maria's Notebook */ = {
			isa = PBXNativeTarget;
			buildConfigurationList = 5141E8032ED77B10004F918F /* Build configuration list for PBXNativeTarget "Maria's Notebook" */;
			buildPhases = (
				5141E7F12ED77B0F004F918F /* Sources */,
				5141E7F22ED77B0F004F918F /* Frameworks */,
				5141E7F32ED77B0F004F918F /* Resources */,
			);
			buildRules = (
			);
			dependencies = (
			);
			fileSystemSynchronizedGroups = (
				5141E7F72ED77B0F004F918F /* Maria's Notebook */,
			);
			name = "Maria's Notebook";
			packageProductDependencies = (
			);
			productName = "Maria's Notebook";
			productReference = 5141E7F52ED77B0F004F918F /* Montessori Daybook.app */;
			productType = "com.apple.product-type.application";
		};
		51F9242C2F1C43F900E480A1 /* Maria's Notebook Tests */ = {
			isa = PBXNativeTarget;
			buildConfigurationList = 51F924332F1C43F900E480A1 /* Build configuration list for PBXNativeTarget "Maria's Notebook Tests" */;
			buildPhases = (
				51F924292F1C43F900E480A1 /* Sources */,
				51F9242A2F1C43F900E480A1 /* Frameworks */,
				51F9242B2F1C43F900E480A1 /* Resources */,
			);
			buildRules = (
			);
			dependencies = (
				51F924322F1C43F900E480A1 /* PBXTargetDependency */,
			);
			fileSystemSynchronizedGroups = (
				51F924362F1C440000E480A1 /* Maria's Notebook Tests */,
			);
			name = "Maria's Notebook Tests";
			packageProductDependencies = (
			);
			productName = "Maria's Notebook Tests";
			productReference = 51F9242D2F1C43F900E480A1 /* Maria's Notebook Tests.xctest */;
			productType = "com.apple.product-type.bundle.unit-test";
		};
		DA0E8A3AD980EC179856012B /* Daybook Assistant */ = {
			isa = PBXNativeTarget;
			buildConfigurationList = DA49A513989D1FB618E62952 /* Build configuration list for PBXNativeTarget "Daybook Assistant" */;
			buildPhases = (
				DABCE16DD0260827ECF338C7 /* Sources */,
				DA7561BFB015D8F536760CB6 /* Frameworks */,
				DA0189424A5A60FED329FA86 /* Resources */,
			);
			buildRules = (
			);
			dependencies = (
			);
			fileSystemSynchronizedGroups = (
				DA98962CA057DBE5A307FD94 /* Daybook Assistant */,
			);
			name = "Daybook Assistant";
			packageProductDependencies = (
			);
			productName = "Daybook Assistant";
			productReference = DA38A007151ABE87CC01A5B6 /* Daybook Assistant.app */;
			productType = "com.apple.product-type.application";
		};
/* End PBXNativeTarget section */

/* Begin PBXProject section */
		5141E7ED2ED77B0F004F918F /* Project object */ = {
			isa = PBXProject;
			attributes = {
				BuildIndependentTargetsInParallel = 1;
				LastSwiftUpdateCheck = 2620;
				LastUpgradeCheck = 2630;
				TargetAttributes = {
					5141E7F42ED77B0F004F918F = {
						CreatedOnToolsVersion = 26.1.1;
					};
					51F9242C2F1C43F900E480A1 = {
						CreatedOnToolsVersion = 26.2;
						TestTargetID = 5141E7F42ED77B0F004F918F;
					};
				};
			};
			buildConfigurationList = 5141E7F02ED77B0F004F918F /* Build configuration list for PBXProject "Maria's Notebook" */;
			developmentRegion = en;
			hasScannedForEncodings = 0;
			knownRegions = (
				en,
				Base,
			);
			mainGroup = 5141E7EC2ED77B0F004F918F;
			minimizedProjectReferenceProxies = 1;
			preferredProjectObjectVersion = 77;
			productRefGroup = 5141E7F62ED77B0F004F918F /* Products */;
			projectDirPath = "";
			projectRoot = "";
			targets = (
				5141E7F42ED77B0F004F918F /* Maria's Notebook */,
				51F9242C2F1C43F900E480A1 /* Maria's Notebook Tests */,
				DA0E8A3AD980EC179856012B /* Daybook Assistant */,
			);
		};
/* End PBXProject section */

/* Begin PBXResourcesBuildPhase section */
		5141E7F32ED77B0F004F918F /* Resources */ = {
			isa = PBXResourcesBuildPhase;
			buildActionMask = 2147483647;
			files = (
			);
			runOnlyForDeploymentPostprocessing = 0;
		};
		51F9242B2F1C43F900E480A1 /* Resources */ = {
			isa = PBXResourcesBuildPhase;
			buildActionMask = 2147483647;
			files = (
			);
			runOnlyForDeploymentPostprocessing = 0;
		};
		DA0189424A5A60FED329FA86 /* Resources */ = {
			isa = PBXResourcesBuildPhase;
			buildActionMask = 2147483647;
			files = (
			);
			runOnlyForDeploymentPostprocessing = 0;
		};
/* End PBXResourcesBuildPhase section */

/* Begin PBXSourcesBuildPhase section */
		5141E7F12ED77B0F004F918F /* Sources */ = {
			isa = PBXSourcesBuildPhase;
			buildActionMask = 2147483647;
			files = (
			);
			runOnlyForDeploymentPostprocessing = 0;
		};
		51F924292F1C43F900E480A1 /* Sources */ = {
			isa = PBXSourcesBuildPhase;
			buildActionMask = 2147483647;
			files = (
			);
			runOnlyForDeploymentPostprocessing = 0;
		};
		DABCE16DD0260827ECF338C7 /* Sources */ = {
			isa = PBXSourcesBuildPhase;
			buildActionMask = 2147483647;
			files = (
				DA58A879F09CBF23DFB1BB96 /* CoreDataStack.swift in Sources */,
				DA89C2C39C4BABC2B7921AE2 /* CoreDataStack+SchemaVersion.swift in Sources */,
				DAA55AECD10FDC0407F08505 /* CoreDataStack+OrphanCleanup.swift in Sources */,
				DAE1A32F8081BE03784E8A02 /* CloudKitConfigurationService.swift in Sources */,
				DACD857BDD87609889048B24 /* ShareAcceptanceAppDelegate.swift in Sources */,
				DA8CB0588F0C63B3307597D3 /* UserDefaultsKeys.swift in Sources */,
				DA4C2D30AB518AA8019C93A7 /* PersistentHistoryProcessor.swift in Sources */,
				DAB35AFA34D0F1C960DA212B /* NSManagedObjectContext+SafeFetch.swift in Sources */,
				DA9C18F171ECE5CF4EAA8F71 /* AppLogging.swift in Sources */,
				DAC4E37F5533862799AABE6C /* Logger+Extensions.swift in Sources */,
				DA601CA3998CD10B1685C417 /* AttendanceModels.swift in Sources */,
				DA3CB4557D19474CF376B2CE /* AttendanceRecordEntity.swift in Sources */,
				DA273C50CFBB1468B5E697F9 /* AttendanceDeduplication.swift in Sources */,
				DA85F54020C188A55AC2044D /* CDAttendanceStore.swift in Sources */,
				DA1C2BA2B4668F28BBD1641B /* StudentEntity.swift in Sources */,
				DA7F870A08077490BED3589E /* ClassroomMembershipEntity.swift in Sources */,
				DA252003A84AA445F1A97E95 /* ClassroomRepository.swift in Sources */,
				DA7BAB76B78FE330CB3240BB /* ClassroomSharingService.swift in Sources */,
				DA7D2FCC78D048AAA0D915E2 /* ClassroomPermissions.swift in Sources */,
				DACBA8C62DE44A77DAB1FFAB /* SharingPermissionCategory.swift in Sources */,
				DA1CECBB03D8A407B1467D98 /* SharingPreferences.swift in Sources */,
				DAC35684943F20A84D48BF91 /* AppCalendar.swift in Sources */,
				DAD27BA7186AA8858E25DD43 /* RepositoryProtocol.swift in Sources */,
				DAFD1BD1FBEBC51F5948EA8A /* SaveCoordinator.swift in Sources */,
				DAB9ECB34B43A8B9FF853A98 /* String+Extensions.swift in Sources */,
				DA352C4EF69599B10DC1BCF8 /* UIConstants.swift in Sources */,
				DAAD99A3A03A6404005D4FA8 /* StudentModel.swift in Sources */,
				DAC74BFE466A3805601FD363 /* DocumentEntity.swift in Sources */,
				DA51602210037380301B0B85 /* AppErrorMessages.swift in Sources */,
				DA77FCCADCA5FB5356650C93 /* ClassroomIdentity.swift in Sources */,
				DAE6A1DD965DBE18B12197DB /* MariasNotebook.xcdatamodeld in Sources */,
			);
			runOnlyForDeploymentPostprocessing = 0;
		};
/* End PBXSourcesBuildPhase section */

/* Begin PBXTargetDependency section */
		51F924322F1C43F900E480A1 /* PBXTargetDependency */ = {
			isa = PBXTargetDependency;
			target = 5141E7F42ED77B0F004F918F /* Maria's Notebook */;
			targetProxy = 51F924312F1C43F900E480A1 /* PBXContainerItemProxy */;
		};
/* End PBXTargetDependency section */

/* Begin XCBuildConfiguration section */
		5141E8042ED77B10004F918F /* Debug */ = {
			isa = XCBuildConfiguration;
			buildSettings = {
				ASSETCATALOG_COMPILER_APPICON_NAME = AppIcon;
				"ASSETCATALOG_COMPILER_APPICON_NAME[sdk=macosx*]" = AppIcon;
				ASSETCATALOG_COMPILER_GLOBAL_ACCENT_COLOR_NAME = AccentColor;
				ASSETCATALOG_COMPILER_INCLUDE_ALL_APPICON_ASSETS = YES;
				AUTOMATION_APPLE_EVENTS = NO;
				CODE_SIGN_ENTITLEMENTS = "Maria's Notebook/Maria_s_Notebook.entitlements";
				CODE_SIGN_IDENTITY = "-";
				"CODE_SIGN_IDENTITY[sdk=iphoneos*]" = "Apple Development";
				"CODE_SIGN_IDENTITY[sdk=macosx*]" = "Apple Development";
				"CODE_SIGN_IDENTITY[sdk=xros*]" = "Apple Development";
				CODE_SIGN_STYLE = Automatic;
				CURRENT_PROJECT_VERSION = 2;
				DEAD_CODE_STRIPPING = YES;
				DEVELOPMENT_TEAM = ES2X5ZSG9W;
				ENABLE_APP_SANDBOX = YES;
				ENABLE_HARDENED_RUNTIME = YES;
				ENABLE_INCOMING_NETWORK_CONNECTIONS = YES;
				ENABLE_OUTGOING_NETWORK_CONNECTIONS = YES;
				ENABLE_PREVIEWS = YES;
				ENABLE_RESOURCE_ACCESS_AUDIO_INPUT = NO;
				ENABLE_RESOURCE_ACCESS_BLUETOOTH = NO;
				ENABLE_RESOURCE_ACCESS_CALENDARS = YES;
				ENABLE_RESOURCE_ACCESS_CAMERA = YES;
				ENABLE_RESOURCE_ACCESS_CONTACTS = NO;
				ENABLE_RESOURCE_ACCESS_LOCATION = NO;
				ENABLE_RESOURCE_ACCESS_PHOTO_LIBRARY = YES;
				ENABLE_RESOURCE_ACCESS_PRINTING = YES;
				ENABLE_RESOURCE_ACCESS_USB = NO;
				ENABLE_USER_SELECTED_FILES = readwrite;
				GENERATE_INFOPLIST_FILE = YES;
				INFOPLIST_FILE = "Maria's Notebook/Info.plist";
				"INFOPLIST_FILE[sdk=macosx*]" = "Maria's Notebook/Info-macOS.plist";
				INFOPLIST_KEY_CFBundleDisplayName = "Montessori Daybook";
				INFOPLIST_KEY_ITSAppUsesNonExemptEncryption = NO;
				INFOPLIST_KEY_LSApplicationCategoryType = "public.app-category.education";
				INFOPLIST_KEY_NSCalendarsFullAccessUsageDescription = "We need full access to your calendars to show today's events in your Today view.";
				INFOPLIST_KEY_NSCalendarsUsageDescription = "We need access to your calendars to show today's events in your Today view.";
				INFOPLIST_KEY_NSCameraUsageDescription = "We need access to your camera to take photos for notes.";
				INFOPLIST_KEY_NSHumanReadableCopyright = "Copyright © 2026 Daniel De Berry. All rights reserved.";
				INFOPLIST_KEY_NSRemindersFullAccessUsageDescription = "We need full access to your reminders to sync reminders from a specific list to your Today view.";
				INFOPLIST_KEY_NSRemindersUsageDescription = "We need access to your reminders to sync reminders from a specific list to your Today view.";
				INFOPLIST_KEY_NSSpeechRecognitionUsageDescription = "We need access to speech recognition to enable voice commands and dictation in the command bar.";
				"INFOPLIST_KEY_UIApplicationSceneManifest_Generation[sdk=iphoneos*]" = YES;
				"INFOPLIST_KEY_UIApplicationSceneManifest_Generation[sdk=iphonesimulator*]" = YES;
				"INFOPLIST_KEY_UIApplicationSupportsIndirectInputEvents[sdk=iphoneos*]" = YES;
				"INFOPLIST_KEY_UIApplicationSupportsIndirectInputEvents[sdk=iphonesimulator*]" = YES;
				"INFOPLIST_KEY_UILaunchScreen_Generation[sdk=iphoneos*]" = YES;
				"INFOPLIST_KEY_UILaunchScreen_Generation[sdk=iphonesimulator*]" = YES;
				"INFOPLIST_KEY_UIStatusBarStyle[sdk=iphoneos*]" = UIStatusBarStyleDefault;
				"INFOPLIST_KEY_UIStatusBarStyle[sdk=iphonesimulator*]" = UIStatusBarStyleDefault;
				INFOPLIST_KEY_UISupportedInterfaceOrientations_iPad = "UIInterfaceOrientationPortrait UIInterfaceOrientationPortraitUpsideDown UIInterfaceOrientationLandscapeLeft UIInterfaceOrientationLandscapeRight";
				INFOPLIST_KEY_UISupportedInterfaceOrientations_iPhone = "UIInterfaceOrientationPortrait UIInterfaceOrientationLandscapeLeft UIInterfaceOrientationLandscapeRight";
				IPHONEOS_DEPLOYMENT_TARGET = 27.0;
				LD_RUNPATH_SEARCH_PATHS = "@executable_path/Frameworks";
				"LD_RUNPATH_SEARCH_PATHS[sdk=macosx*]" = "@executable_path/../Frameworks";
				MACOSX_DEPLOYMENT_TARGET = 27.0;
				MARKETING_VERSION = 0.1;
				PRODUCT_BUNDLE_IDENTIFIER = DanielSDeBerry.MariasNoteBook;
				PRODUCT_MODULE_NAME = Maria_s_Notebook;
				PRODUCT_NAME = "Montessori Daybook";
				REGISTER_APP_GROUPS = YES;
				RUNTIME_EXCEPTION_ALLOW_DYLD_ENVIRONMENT_VARIABLES = NO;
				RUNTIME_EXCEPTION_ALLOW_JIT = NO;
				RUNTIME_EXCEPTION_ALLOW_UNSIGNED_EXECUTABLE_MEMORY = NO;
				RUNTIME_EXCEPTION_DEBUGGING_TOOL = NO;
				RUNTIME_EXCEPTION_DISABLE_EXECUTABLE_PAGE_PROTECTION = NO;
				RUNTIME_EXCEPTION_DISABLE_LIBRARY_VALIDATION = NO;
				SDKROOT = auto;
				STRING_CATALOG_GENERATE_SYMBOLS = YES;
				SUPPORTED_PLATFORMS = "iphoneos iphonesimulator macosx";
				SUPPORTS_MACCATALYST = NO;
				SWIFT_ACTIVE_COMPILATION_CONDITIONS = "DEBUG ENABLE_FOUNDATION_MODELS";
				SWIFT_APPROACHABLE_CONCURRENCY = YES;
				SWIFT_DEFAULT_ACTOR_ISOLATION = MainActor;
				SWIFT_EMIT_LOC_STRINGS = YES;
				SWIFT_STRICT_CONCURRENCY = complete;
				SWIFT_UPCOMING_FEATURE_MEMBER_IMPORT_VISIBILITY = YES;
				SWIFT_VERSION = 6.0;
				TARGETED_DEVICE_FAMILY = "1,2,7";
				XROS_DEPLOYMENT_TARGET = 27.0;
			};
			name = Debug;
		};
		5141E8052ED77B10004F918F /* Release */ = {
			isa = XCBuildConfiguration;
			buildSettings = {
				ASSETCATALOG_COMPILER_APPICON_NAME = AppIcon;
				"ASSETCATALOG_COMPILER_APPICON_NAME[sdk=macosx*]" = AppIcon;
				ASSETCATALOG_COMPILER_GLOBAL_ACCENT_COLOR_NAME = AccentColor;
				ASSETCATALOG_COMPILER_INCLUDE_ALL_APPICON_ASSETS = YES;
				AUTOMATION_APPLE_EVENTS = NO;
				CODE_SIGN_ENTITLEMENTS = "Maria's Notebook/Maria_s_Notebook.entitlements";
				"CODE_SIGN_IDENTITY[sdk=iphoneos*]" = "Apple Development";
				"CODE_SIGN_IDENTITY[sdk=macosx*]" = "Apple Development";
				"CODE_SIGN_IDENTITY[sdk=xros*]" = "Apple Development";
				CODE_SIGN_STYLE = Automatic;
				CURRENT_PROJECT_VERSION = 2;
				DEAD_CODE_STRIPPING = YES;
				DEVELOPMENT_TEAM = ES2X5ZSG9W;
				ENABLE_APP_SANDBOX = YES;
				ENABLE_HARDENED_RUNTIME = YES;
				ENABLE_INCOMING_NETWORK_CONNECTIONS = YES;
				ENABLE_OUTGOING_NETWORK_CONNECTIONS = YES;
				ENABLE_PREVIEWS = YES;
				ENABLE_RESOURCE_ACCESS_AUDIO_INPUT = NO;
				ENABLE_RESOURCE_ACCESS_BLUETOOTH = NO;
				ENABLE_RESOURCE_ACCESS_CALENDARS = YES;
				ENABLE_RESOURCE_ACCESS_CAMERA = YES;
				ENABLE_RESOURCE_ACCESS_CONTACTS = NO;
				ENABLE_RESOURCE_ACCESS_LOCATION = NO;
				ENABLE_RESOURCE_ACCESS_PHOTO_LIBRARY = YES;
				ENABLE_RESOURCE_ACCESS_PRINTING = YES;
				ENABLE_RESOURCE_ACCESS_USB = NO;
				ENABLE_USER_SELECTED_FILES = readwrite;
				GENERATE_INFOPLIST_FILE = YES;
				INFOPLIST_FILE = "Maria's Notebook/Info.plist";
				"INFOPLIST_FILE[sdk=macosx*]" = "Maria's Notebook/Info-macOS.plist";
				INFOPLIST_KEY_CFBundleDisplayName = "Montessori Daybook";
				INFOPLIST_KEY_ITSAppUsesNonExemptEncryption = NO;
				INFOPLIST_KEY_LSApplicationCategoryType = "public.app-category.education";
				INFOPLIST_KEY_NSCalendarsFullAccessUsageDescription = "We need full access to your calendars to show today's events in your Today view.";
				INFOPLIST_KEY_NSCalendarsUsageDescription = "We need access to your calendars to show today's events in your Today view.";
				INFOPLIST_KEY_NSCameraUsageDescription = "We need access to your camera to take photos for notes.";
				INFOPLIST_KEY_NSHumanReadableCopyright = "Copyright © 2026 Daniel De Berry. All rights reserved.";
				INFOPLIST_KEY_NSRemindersFullAccessUsageDescription = "We need full access to your reminders to sync reminders from a specific list to your Today view.";
				INFOPLIST_KEY_NSRemindersUsageDescription = "We need access to your reminders to sync reminders from a specific list to your Today view.";
				INFOPLIST_KEY_NSSpeechRecognitionUsageDescription = "We need access to speech recognition to enable voice commands and dictation in the command bar.";
				"INFOPLIST_KEY_UIApplicationSceneManifest_Generation[sdk=iphoneos*]" = NO;
				"INFOPLIST_KEY_UIApplicationSceneManifest_Generation[sdk=iphonesimulator*]" = YES;
				"INFOPLIST_KEY_UIApplicationSupportsIndirectInputEvents[sdk=iphoneos*]" = YES;
				"INFOPLIST_KEY_UIApplicationSupportsIndirectInputEvents[sdk=iphonesimulator*]" = YES;
				"INFOPLIST_KEY_UILaunchScreen_Generation[sdk=iphoneos*]" = YES;
				"INFOPLIST_KEY_UILaunchScreen_Generation[sdk=iphonesimulator*]" = YES;
				"INFOPLIST_KEY_UIStatusBarStyle[sdk=iphoneos*]" = UIStatusBarStyleDefault;
				"INFOPLIST_KEY_UIStatusBarStyle[sdk=iphonesimulator*]" = UIStatusBarStyleDefault;
				INFOPLIST_KEY_UISupportedInterfaceOrientations_iPad = "UIInterfaceOrientationPortrait UIInterfaceOrientationPortraitUpsideDown UIInterfaceOrientationLandscapeLeft UIInterfaceOrientationLandscapeRight";
				INFOPLIST_KEY_UISupportedInterfaceOrientations_iPhone = "UIInterfaceOrientationPortrait UIInterfaceOrientationLandscapeLeft UIInterfaceOrientationLandscapeRight";
				IPHONEOS_DEPLOYMENT_TARGET = 27.0;
				LD_RUNPATH_SEARCH_PATHS = "@executable_path/Frameworks";
				"LD_RUNPATH_SEARCH_PATHS[sdk=macosx*]" = "@executable_path/../Frameworks";
				MACOSX_DEPLOYMENT_TARGET = 27.0;
				MARKETING_VERSION = 0.1;
				PRODUCT_BUNDLE_IDENTIFIER = DanielSDeBerry.MariasNoteBook;
				PRODUCT_MODULE_NAME = Maria_s_Notebook;
				PRODUCT_NAME = "Montessori Daybook";
				REGISTER_APP_GROUPS = YES;
				RUNTIME_EXCEPTION_ALLOW_DYLD_ENVIRONMENT_VARIABLES = NO;
				RUNTIME_EXCEPTION_ALLOW_JIT = NO;
				RUNTIME_EXCEPTION_ALLOW_UNSIGNED_EXECUTABLE_MEMORY = NO;
				RUNTIME_EXCEPTION_DEBUGGING_TOOL = NO;
				RUNTIME_EXCEPTION_DISABLE_EXECUTABLE_PAGE_PROTECTION = NO;
				RUNTIME_EXCEPTION_DISABLE_LIBRARY_VALIDATION = NO;
				SDKROOT = auto;
				STRING_CATALOG_GENERATE_SYMBOLS = YES;
				SUPPORTED_PLATFORMS = "iphoneos iphonesimulator macosx";
				SUPPORTS_MACCATALYST = NO;
				SWIFT_ACTIVE_COMPILATION_CONDITIONS = ENABLE_FOUNDATION_MODELS;
				SWIFT_APPROACHABLE_CONCURRENCY = YES;
				SWIFT_DEFAULT_ACTOR_ISOLATION = MainActor;
				SWIFT_EMIT_LOC_STRINGS = YES;
				SWIFT_STRICT_CONCURRENCY = complete;
				SWIFT_UPCOMING_FEATURE_MEMBER_IMPORT_VISIBILITY = YES;
				SWIFT_VERSION = 6.0;
				TARGETED_DEVICE_FAMILY = "1,2,7";
				XROS_DEPLOYMENT_TARGET = 27.0;
			};
			name = Release;
		};
		5141E8062ED77B10004F918F /* Debug */ = {
			isa = XCBuildConfiguration;
			buildSettings = {
				ALWAYS_SEARCH_USER_PATHS = NO;
				ASSETCATALOG_COMPILER_GENERATE_SWIFT_ASSET_SYMBOL_EXTENSIONS = YES;
				CLANG_ANALYZER_NONNULL = YES;
				CLANG_ANALYZER_NUMBER_OBJECT_CONVERSION = YES_AGGRESSIVE;
				CLANG_CXX_LANGUAGE_STANDARD = "gnu++20";
				CLANG_ENABLE_MODULES = YES;
				CLANG_ENABLE_OBJC_ARC = YES;
				CLANG_ENABLE_OBJC_WEAK = YES;
				CLANG_WARN_BLOCK_CAPTURE_AUTORELEASING = YES;
				CLANG_WARN_BOOL_CONVERSION = YES;
				CLANG_WARN_COMMA = YES;
				CLANG_WARN_CONSTANT_CONVERSION = YES;
				CLANG_WARN_DEPRECATED_OBJC_IMPLEMENTATIONS = YES;
				CLANG_WARN_DIRECT_OBJC_ISA_USAGE = YES_ERROR;
				CLANG_WARN_DOCUMENTATION_COMMENTS = YES;
				CLANG_WARN_EMPTY_BODY = YES;
				CLANG_WARN_ENUM_CONVERSION = YES;
				CLANG_WARN_INFINITE_RECURSION = YES;
				CLANG_WARN_INT_CONVERSION = YES;
				CLANG_WARN_NON_LITERAL_NULL_CONVERSION = YES;
				CLANG_WARN_OBJC_IMPLICIT_RETAIN_SELF = YES;
				CLANG_WARN_OBJC_LITERAL_CONVERSION = YES;
				CLANG_WARN_OBJC_ROOT_CLASS = YES_ERROR;
				CLANG_WARN_QUOTED_INCLUDE_IN_FRAMEWORK_HEADER = YES;
				CLANG_WARN_RANGE_LOOP_ANALYSIS = YES;
				CLANG_WARN_STRICT_PROTOTYPES = YES;
				CLANG_WARN_SUSPICIOUS_MOVE = YES;
				CLANG_WARN_UNGUARDED_AVAILABILITY = YES_AGGRESSIVE;
				CLANG_WARN_UNREACHABLE_CODE = YES;
				CLANG_WARN__DUPLICATE_METHOD_MATCH = YES;
				COPY_PHASE_STRIP = NO;
				DEAD_CODE_STRIPPING = YES;
				DEBUG_INFORMATION_FORMAT = dwarf;
				DEVELOPMENT_TEAM = ES2X5ZSG9W;
				EAGER_LINKING = YES;
				ENABLE_STRICT_OBJC_MSGSEND = YES;
				ENABLE_TESTABILITY = YES;
				ENABLE_USER_SCRIPT_SANDBOXING = YES;
				GCC_C_LANGUAGE_STANDARD = gnu17;
				GCC_DYNAMIC_NO_PIC = NO;
				GCC_NO_COMMON_BLOCKS = YES;
				GCC_OPTIMIZATION_LEVEL = 0;
				GCC_PREPROCESSOR_DEFINITIONS = (
					"DEBUG=1",
					"$(inherited)",
				);
				GCC_WARN_64_TO_32_BIT_CONVERSION = YES;
				GCC_WARN_ABOUT_RETURN_TYPE = YES_ERROR;
				GCC_WARN_UNDECLARED_SELECTOR = YES;
				GCC_WARN_UNINITIALIZED_AUTOS = YES_AGGRESSIVE;
				GCC_WARN_UNUSED_FUNCTION = YES;
				GCC_WARN_UNUSED_VARIABLE = YES;
				LOCALIZATION_PREFERS_STRING_CATALOGS = YES;
				MTL_ENABLE_DEBUG_INFO = INCLUDE_SOURCE;
				MTL_FAST_MATH = YES;
				ONLY_ACTIVE_ARCH = YES;
				OTHER_SWIFT_FLAGS = "-Xfrontend -warn-long-function-bodies=200";
				STRING_CATALOG_GENERATE_SYMBOLS = YES;
				SWIFT_ACTIVE_COMPILATION_CONDITIONS = "DEBUG ENABLE_FOUNDATION_MODELS $(inherited)";
				SWIFT_ENABLE_EXPLICIT_MODULES = YES;
				SWIFT_OPTIMIZATION_LEVEL = "-Onone";
			};
			name = Debug;
		};
		5141E8072ED77B10004F918F /* Release */ = {
			isa = XCBuildConfiguration;
			buildSettings = {
				ALWAYS_SEARCH_USER_PATHS = NO;
				ASSETCATALOG_COMPILER_GENERATE_SWIFT_ASSET_SYMBOL_EXTENSIONS = YES;
				CLANG_ANALYZER_NONNULL = YES;
				CLANG_ANALYZER_NUMBER_OBJECT_CONVERSION = YES_AGGRESSIVE;
				CLANG_CXX_LANGUAGE_STANDARD = "gnu++20";
				CLANG_ENABLE_MODULES = YES;
				CLANG_ENABLE_OBJC_ARC = YES;
				CLANG_ENABLE_OBJC_WEAK = YES;
				CLANG_WARN_BLOCK_CAPTURE_AUTORELEASING = YES;
				CLANG_WARN_BOOL_CONVERSION = YES;
				CLANG_WARN_COMMA = YES;
				CLANG_WARN_CONSTANT_CONVERSION = YES;
				CLANG_WARN_DEPRECATED_OBJC_IMPLEMENTATIONS = YES;
				CLANG_WARN_DIRECT_OBJC_ISA_USAGE = YES_ERROR;
				CLANG_WARN_DOCUMENTATION_COMMENTS = YES;
				CLANG_WARN_EMPTY_BODY = YES;
				CLANG_WARN_ENUM_CONVERSION = YES;
				CLANG_WARN_INFINITE_RECURSION = YES;
				CLANG_WARN_INT_CONVERSION = YES;
				CLANG_WARN_NON_LITERAL_NULL_CONVERSION = YES;
				CLANG_WARN_OBJC_IMPLICIT_RETAIN_SELF = YES;
				CLANG_WARN_OBJC_LITERAL_CONVERSION = YES;
				CLANG_WARN_OBJC_ROOT_CLASS = YES_ERROR;
				CLANG_WARN_QUOTED_INCLUDE_IN_FRAMEWORK_HEADER = YES;
				CLANG_WARN_RANGE_LOOP_ANALYSIS = YES;
				CLANG_WARN_STRICT_PROTOTYPES = YES;
				CLANG_WARN_SUSPICIOUS_MOVE = YES;
				CLANG_WARN_UNGUARDED_AVAILABILITY = YES_AGGRESSIVE;
				CLANG_WARN_UNREACHABLE_CODE = YES;
				CLANG_WARN__DUPLICATE_METHOD_MATCH = YES;
				COPY_PHASE_STRIP = NO;
				DEAD_CODE_STRIPPING = YES;
				DEBUG_INFORMATION_FORMAT = "dwarf-with-dsym";
				DEVELOPMENT_TEAM = ES2X5ZSG9W;
				EAGER_LINKING = YES;
				ENABLE_NS_ASSERTIONS = NO;
				ENABLE_STRICT_OBJC_MSGSEND = YES;
				ENABLE_USER_SCRIPT_SANDBOXING = YES;
				GCC_C_LANGUAGE_STANDARD = gnu17;
				GCC_NO_COMMON_BLOCKS = YES;
				GCC_WARN_64_TO_32_BIT_CONVERSION = YES;
				GCC_WARN_ABOUT_RETURN_TYPE = YES_ERROR;
				GCC_WARN_UNDECLARED_SELECTOR = YES;
				GCC_WARN_UNINITIALIZED_AUTOS = YES_AGGRESSIVE;
				GCC_WARN_UNUSED_FUNCTION = YES;
				GCC_WARN_UNUSED_VARIABLE = YES;
				LOCALIZATION_PREFERS_STRING_CATALOGS = YES;
				MTL_ENABLE_DEBUG_INFO = NO;
				MTL_FAST_MATH = YES;
				STRING_CATALOG_GENERATE_SYMBOLS = YES;
				SWIFT_ACTIVE_COMPILATION_CONDITIONS = "ENABLE_FOUNDATION_MODELS $(inherited)";
				SWIFT_COMPILATION_MODE = wholemodule;
				SWIFT_ENABLE_EXPLICIT_MODULES = YES;
			};
			name = Release;
		};
		51F924342F1C43F900E480A1 /* Debug */ = {
			isa = XCBuildConfiguration;
			buildSettings = {
				BUNDLE_LOADER = "$(TEST_HOST)";
				CODE_SIGN_STYLE = Automatic;
				CURRENT_PROJECT_VERSION = 2;
				DEVELOPMENT_TEAM = ES2X5ZSG9W;
				GENERATE_INFOPLIST_FILE = YES;
				IPHONEOS_DEPLOYMENT_TARGET = 27.0;
				MACOSX_DEPLOYMENT_TARGET = 27.0;
				MARKETING_VERSION = 1.0;
				PRODUCT_BUNDLE_IDENTIFIER = "Danny-De-Berry.Maria-s-Notebook-Tests";
				PRODUCT_NAME = "$(TARGET_NAME)";
				SDKROOT = auto;
				STRING_CATALOG_GENERATE_SYMBOLS = NO;
				SUPPORTED_PLATFORMS = "iphoneos iphonesimulator macosx xros xrsimulator";
				SWIFT_ACTIVE_COMPILATION_CONDITIONS = "DEBUG $(inherited)";
				SWIFT_APPROACHABLE_CONCURRENCY = YES;
				SWIFT_DEFAULT_ACTOR_ISOLATION = MainActor;
				SWIFT_EMIT_LOC_STRINGS = NO;
				SWIFT_STRICT_CONCURRENCY = complete;
				SWIFT_UPCOMING_FEATURE_MEMBER_IMPORT_VISIBILITY = YES;
				SWIFT_VERSION = 6.0;
				TARGETED_DEVICE_FAMILY = "1,2,7";
				TEST_HOST = "$(BUILT_PRODUCTS_DIR)/Montessori Daybook.app/$(BUNDLE_EXECUTABLE_FOLDER_PATH)/Montessori Daybook";
				XROS_DEPLOYMENT_TARGET = 27.0;
			};
			name = Debug;
		};
		51F924352F1C43F900E480A1 /* Release */ = {
			isa = XCBuildConfiguration;
			buildSettings = {
				BUNDLE_LOADER = "$(TEST_HOST)";
				CODE_SIGN_STYLE = Automatic;
				CURRENT_PROJECT_VERSION = 2;
				DEVELOPMENT_TEAM = ES2X5ZSG9W;
				GENERATE_INFOPLIST_FILE = YES;
				IPHONEOS_DEPLOYMENT_TARGET = 27.0;
				MACOSX_DEPLOYMENT_TARGET = 27.0;
				MARKETING_VERSION = 1.0;
				PRODUCT_BUNDLE_IDENTIFIER = "Danny-De-Berry.Maria-s-Notebook-Tests";
				PRODUCT_NAME = "$(TARGET_NAME)";
				SDKROOT = auto;
				STRING_CATALOG_GENERATE_SYMBOLS = NO;
				SUPPORTED_PLATFORMS = "iphoneos iphonesimulator macosx xros xrsimulator";
				SWIFT_APPROACHABLE_CONCURRENCY = YES;
				SWIFT_DEFAULT_ACTOR_ISOLATION = MainActor;
				SWIFT_EMIT_LOC_STRINGS = NO;
				SWIFT_STRICT_CONCURRENCY = complete;
				SWIFT_UPCOMING_FEATURE_MEMBER_IMPORT_VISIBILITY = YES;
				SWIFT_VERSION = 6.0;
				TARGETED_DEVICE_FAMILY = "1,2,7";
				TEST_HOST = "$(BUILT_PRODUCTS_DIR)/Montessori Daybook.app/$(BUNDLE_EXECUTABLE_FOLDER_PATH)/Montessori Daybook";
				XROS_DEPLOYMENT_TARGET = 27.0;
			};
			name = Release;
		};
		DA5C5BC97B103C5B3939F2E4 /* Release */ = {
			isa = XCBuildConfiguration;
			buildSettings = {
				ASSETCATALOG_COMPILER_APPICON_NAME = AppIcon;
				ASSETCATALOG_COMPILER_GENERATE_SWIFT_ASSET_SYMBOL_EXTENSIONS = YES;
				ASSETCATALOG_COMPILER_GLOBAL_ACCENT_COLOR_NAME = AccentColor;
				CODE_SIGN_ENTITLEMENTS = "Daybook Assistant/DaybookAssistant.entitlements";
				CODE_SIGN_STYLE = Automatic;
				CURRENT_PROJECT_VERSION = 1;
				DEVELOPMENT_TEAM = ES2X5ZSG9W;
				ENABLE_PREVIEWS = YES;
				GENERATE_INFOPLIST_FILE = YES;
				INFOPLIST_FILE = "Daybook Assistant/Info.plist";
				INFOPLIST_KEY_CFBundleDisplayName = "Daybook Assistant";
				INFOPLIST_KEY_ITSAppUsesNonExemptEncryption = NO;
				INFOPLIST_KEY_LSApplicationCategoryType = "public.app-category.education";
				INFOPLIST_KEY_NSHumanReadableCopyright = "Copyright © 2026 Daniel De Berry. All rights reserved.";
				INFOPLIST_KEY_UIApplicationSceneManifest_Generation = YES;
				INFOPLIST_KEY_UIApplicationSupportsIndirectInputEvents = YES;
				INFOPLIST_KEY_UIStatusBarStyle = UIStatusBarStyleDefault;
				INFOPLIST_KEY_UISupportedInterfaceOrientations = "UIInterfaceOrientationPortrait UIInterfaceOrientationLandscapeLeft UIInterfaceOrientationLandscapeRight";
				IPHONEOS_DEPLOYMENT_TARGET = 18.0;
				LD_RUNPATH_SEARCH_PATHS = "@executable_path/Frameworks";
				MARKETING_VERSION = 0.1;
				PRODUCT_BUNDLE_IDENTIFIER = DanielSDeBerry.MariasNoteBook.Assistant;
				PRODUCT_NAME = "Daybook Assistant";
				SDKROOT = iphoneos;
				SUPPORTED_PLATFORMS = "iphoneos iphonesimulator";
				SUPPORTS_MACCATALYST = NO;
				SWIFT_ACTIVE_COMPILATION_CONDITIONS = "ASSISTANT_APP $(inherited)";
				SWIFT_APPROACHABLE_CONCURRENCY = YES;
				SWIFT_DEFAULT_ACTOR_ISOLATION = MainActor;
				SWIFT_EMIT_LOC_STRINGS = YES;
				SWIFT_STRICT_CONCURRENCY = complete;
				SWIFT_UPCOMING_FEATURE_MEMBER_IMPORT_VISIBILITY = YES;
				SWIFT_VERSION = 6.0;
				TARGETED_DEVICE_FAMILY = "1,2";
			};
			name = Release;
		};
		DAFDB2317501480E31760A6B /* Debug */ = {
			isa = XCBuildConfiguration;
			buildSettings = {
				ASSETCATALOG_COMPILER_APPICON_NAME = AppIcon;
				ASSETCATALOG_COMPILER_GENERATE_SWIFT_ASSET_SYMBOL_EXTENSIONS = YES;
				ASSETCATALOG_COMPILER_GLOBAL_ACCENT_COLOR_NAME = AccentColor;
				CODE_SIGN_ENTITLEMENTS = "Daybook Assistant/DaybookAssistant.entitlements";
				CODE_SIGN_STYLE = Automatic;
				CURRENT_PROJECT_VERSION = 1;
				DEVELOPMENT_TEAM = ES2X5ZSG9W;
				ENABLE_PREVIEWS = YES;
				GENERATE_INFOPLIST_FILE = YES;
				INFOPLIST_FILE = "Daybook Assistant/Info.plist";
				INFOPLIST_KEY_CFBundleDisplayName = "Daybook Assistant";
				INFOPLIST_KEY_ITSAppUsesNonExemptEncryption = NO;
				INFOPLIST_KEY_LSApplicationCategoryType = "public.app-category.education";
				INFOPLIST_KEY_NSHumanReadableCopyright = "Copyright © 2026 Daniel De Berry. All rights reserved.";
				INFOPLIST_KEY_UIApplicationSceneManifest_Generation = YES;
				INFOPLIST_KEY_UIApplicationSupportsIndirectInputEvents = YES;
				INFOPLIST_KEY_UIStatusBarStyle = UIStatusBarStyleDefault;
				INFOPLIST_KEY_UISupportedInterfaceOrientations = "UIInterfaceOrientationPortrait UIInterfaceOrientationLandscapeLeft UIInterfaceOrientationLandscapeRight";
				IPHONEOS_DEPLOYMENT_TARGET = 18.0;
				LD_RUNPATH_SEARCH_PATHS = "@executable_path/Frameworks";
				MARKETING_VERSION = 0.1;
				PRODUCT_BUNDLE_IDENTIFIER = DanielSDeBerry.MariasNoteBook.Assistant;
				PRODUCT_NAME = "Daybook Assistant";
				SDKROOT = iphoneos;
				SUPPORTED_PLATFORMS = "iphoneos iphonesimulator";
				SUPPORTS_MACCATALYST = NO;
				SWIFT_ACTIVE_COMPILATION_CONDITIONS = "DEBUG ASSISTANT_APP $(inherited)";
				SWIFT_APPROACHABLE_CONCURRENCY = YES;
				SWIFT_DEFAULT_ACTOR_ISOLATION = MainActor;
				SWIFT_EMIT_LOC_STRINGS = YES;
				SWIFT_STRICT_CONCURRENCY = complete;
				SWIFT_UPCOMING_FEATURE_MEMBER_IMPORT_VISIBILITY = YES;
				SWIFT_VERSION = 6.0;
				TARGETED_DEVICE_FAMILY = "1,2";
			};
			name = Debug;
		};
/* End XCBuildConfiguration section */

/* Begin XCConfigurationList section */
		5141E7F02ED77B0F004F918F /* Build configuration list for PBXProject "Maria's Notebook" */ = {
			isa = XCConfigurationList;
			buildConfigurations = (
				5141E8062ED77B10004F918F /* Debug */,
				5141E8072ED77B10004F918F /* Release */,
			);
			defaultConfigurationIsVisible = 0;
			defaultConfigurationName = Release;
		};
		5141E8032ED77B10004F918F /* Build configuration list for PBXNativeTarget "Maria's Notebook" */ = {
			isa = XCConfigurationList;
			buildConfigurations = (
				5141E8042ED77B10004F918F /* Debug */,
				5141E8052ED77B10004F918F /* Release */,
			);
			defaultConfigurationIsVisible = 0;
			defaultConfigurationName = Release;
		};
		51F924332F1C43F900E480A1 /* Build configuration list for PBXNativeTarget "Maria's Notebook Tests" */ = {
			isa = XCConfigurationList;
			buildConfigurations = (
				51F924342F1C43F900E480A1 /* Debug */,
				51F924352F1C43F900E480A1 /* Release */,
			);
			defaultConfigurationIsVisible = 0;
			defaultConfigurationName = Release;
		};
		DA49A513989D1FB618E62952 /* Build configuration list for PBXNativeTarget "Daybook Assistant" */ = {
			isa = XCConfigurationList;
			buildConfigurations = (
				DAFDB2317501480E31760A6B /* Debug */,
				DA5C5BC97B103C5B3939F2E4 /* Release */,
			);
			defaultConfigurationIsVisible = 0;
			defaultConfigurationName = Release;
		};
/* End XCConfigurationList section */

/* Begin XCVersionGroup section */
		DA50D6010603DBA9AFE62598 /* MariasNotebook.xcdatamodeld */ = {
			isa = XCVersionGroup;
			children = (
				DA6503C3D85AC2C51E58119B /* MariasNotebook 2.xcdatamodel */,
			);
			currentVersion = DA6503C3D85AC2C51E58119B /* MariasNotebook 2.xcdatamodel */;
			name = MariasNotebook.xcdatamodeld;
			path = "Maria's Notebook/MariasNotebook.xcdatamodeld";
			sourceTree = SOURCE_ROOT;
			versionGroupType = wrapper.xcdatamodel;
		};
/* End XCVersionGroup section */
	};
	rootObject = 5141E7ED2ED77B0F004F918F /* Project object */;
}
